U2FsdGVkX19fTms3OENxUvHOjySJGM6WRtosSOi0cfjF5TDzmwTrhXe+K0NbVvMn
CLfFdl32rIX3v97pWWsg4oOZTVMtQTPndYeLJvU+4n1zOXSY1izKNCOoeCVLi6G0
FsfutBdWedVOvIVA6hux0Q2/NCryULYBmr0Otac5EX/+cI0RJ0OMc/QtM/TVnPKV
+MlsvLCkdSFulkJX+wI6aJOAnFATfqujxqVvHmuWEJXUxvBQwMoLIQdwVOfYNZA1
unnPoFrtlzfXi+YD2uCX+4px96hZWwDD4zWtw4kcMXbc96NuOL7EWaH039nZ/s64
TuwVoNkgLymxbL4G+cMjw6Hp7hmJ1vPFH5iSTL6xfQRRUYKsnq4ExUYh68f+9PqY
KOng4q86s+yiAlpzxitSm/wLT85fCosQOnFkUJmcO3Unok4ynQjLeg7G63NRkRHq
vedYWmLDzi/lmSZ2avlxxuJP6wDakmCoE+7ml3/7t3Wre5akaBi2RxfaEqYvgKRP
kVaaPHOWHp0H2cJTPRpYuEz5nvlOwvFv0uAbYE+Duu2kRln0WfEJSIrlWOxlm7RV
2wetVVXb3dn3zrp0+zJsa1ZIs7vgFPVamzzej58THN634PDdMDTa0Gqgb+IVB/HM
1El+XvY7Y/7wRptL8gaI/+Yg4xAQZjEfk+hQWhuSLX6bKWurgA8Nyi46X+97wR0w
0pziuUhKhhDVal4lqYVsD3szc1thOCAwsxJED+qCoSs7FUvgIuVL2dXnU7wupIlh
SfOXobiTU7ahrXf5id/v0Z5ojphqHlT94tYv5df9FgG1GRKrYD6LFOj7xJk88KIX
gkhkzQ78LNOofIYDJQdkEKuO9iTQVVcLYmckbQ6mogUZeq/xYyGxCsgNlF/AEk9v
poVhI/A230vlb5e0ZH5deIrSfaej4BJO+j/Kq0mbPk5z4Uiu7TQbxX+26XWtmdql
yiyV0tFxzhhV92tixGRa01hZ7GSCLT9r9P5JFPmcxg+MFqGXA08Oj8p3pSW/JUWG
RcoY5L6fsBfb06t/foyd1jf5bqHtXHL5nP0yr0iDSphjbCTHFUYeDj0EQVuR1FOJ
scfnHFnuuTdUTtyrgbAkNj5Obq3smh0D3PYYK3kUSwXxe0jZd8LWHWQjiYbZAncC
D+nOvtSEmjPFsCKu2nYxaIOlNiSm6g1VlRg2H1/HkNQqqrxCa7rjC6yKhPf6ftxS
qtUrS16DMBuvST204WzxvAkqqgFtdlm9x/xhJnXM9zQ79BUvU4OEAFifbo2zJ/D5
GpBQmzpMizdNxT0Ixhqba0k9HjWibszZWJA9gggsHkgacsZQzpQwDHOiwdXAEBRz
BeW5oHPq2MBH16dd/i3E3FAVZZ9HAKS3uoJGZpl6KX5hiicytwyC9Fjo4rrEsHh5
5mxFvnp19ynl4bQalp5UtoPq0FAhJ1KyooyVPQNHcxgQKnnQW87Yhc+yP/eZ9/Wu
INOvpifU15NBtDBxscNxZNrgvK4CGrAIoSgr++VGJP9csikHhleaEnCMrypYXriX
JCqhYTouLTq9FMAi6R1sKnvI8MhzuBvV/qD+A/b612hceWCYLJ6CDBx8hkn7TbtC
PJ2wMee1xnPwzdOz2OTukX3xZ48Kc6WwEueN7KDCl5s0JGc+zLKKtxylmE5dtW4o
hdVOAwhyZ64HmG3F3dQ4zOV3nN47JbOP2T0OJ4WkcaMfDHo4UPnoqeFLYu14hTvu
Ymvas9ohBVNWaTu95lvaNNsAOH8BHJBDcX7HfPTE55J2ieiBKuILVclEqxWNcFIp
8FGBK3V2fFLpq2PzRn6WzL/V7OsHlfUZUNMxGD1TBoHVAaz9aBanXVXFGjZUh07D
N/luoe1ccvmc/TKvSINKmAHlooue2szUNhyi8GTuyygT7E2YtN34TcSwdAii9I/V
I0QUIVmLFWsPIOP7C7JyYFnaSCFsWyS649X4GhaeZY5Irj+x+AzjIJjw7u2vgmi9
PVK2+TwEQKAwNdhEI2RnaytzzxW/faPQmLMPPPlVO1fT0IwJQVYzFJZJ0IXzkSEb
Kdhzqq/vNVarMhsg5z6KIIEocMJepbh1hZmIrombVbsToALNwX+gdhfsY16uALHG
FPWHkOsutyyoRCe0pkiYuM44AVfM5ulXuR/Zbp6mzYjoPUXDgcpm16pds4XXRrE/
ZqKazOlY1SmFod96e/s2ADet+EIDYcc1Cz8Hp4MWmozXr0lUqh+TwHex1iaXw6Ft
OdUdPOQUm1qhEtdBoWy7p0umCFhDKbygfo16Kp4bNXWl0/5P2MJeGGdL9vUj/W54
mUWG/gNqYiO3+ZIkPBWvCKDQuqnhN0XKPDwVHP+UekkzlIAbqD7O4FmXMveMnKz1
r2W0rFVhC1D6coHr/3k79Tk98qOw6azGtKjiv9NcchkjLW6lzuXeIZoOReZYc+66
CAmrWdIXr0JY7G1WQ2X7o+PjgybWjmGGyaVjAWRbQdAumCfxySi6mLjbgdirCJj3
edYGKttubX+4yC4kA9V4Zu+vYRC0C6A8uNzGcMaIHTMJPd5znFweixl1qGTvg3B8
6r5RFA9A8PM0ezBJViku0yrUO1nnuwR1M7rQHBcQR63ctWtq97qoG/viDOKi7Cg4
IHOfcNAXfqCtKmrFdi3rNx1SwFQUpEjDfBXrDuR6FcZW4+gEU40fxBF1qPRpGzma
siPtjk2PKaDzCJmzqzUurPmnfKOgE6PsO54KtpL0Z6twr9yHqQQ4k8zBU9X/iNPt
fNfdNyAmNIWE1E1MF/WSq6XT/k/Ywl4YZ0v29SP9bniZRYb+A2piI7f5kiQ8Fa8I
oNC6qeE3Rco8PBUc/5R6SfO9u6q3APiR9u3yfDJ2+0yvZbSsVWELUPpygev/eTv1
OT3yo7DprMa0qOK/01xyGdJPcr/xlOLgE5Og9F/+Ab3gy56pfePbHv1hx+rkuiaV
hOXlknHtiemOjX86kvURXzpg0x7c8w7Pt3plF21ZaKixB1DugQjFcVIiBcyiuaf/
ckS5IfFijYAT8P62eskzIMA/3iQyzvOa0ZbK2LD5ij1Amz1aBP6wwLupGRbhE3Zv
bqOpKfTTzRCPrEp8vrj6XNqvJYem1v2+KO6Q3jojtuJIEdBded9lnKm3BtKMgPZS
3kO6TvByFKH/v9YTqcN97QfFw/TYovbJI+NsaFdTFvGdHmct8EvEvIlRXfjephhC
Dg6i9oapq67KTF1IRXwd2ypNciBnCEcxDcH7RtRBoNC3es35I8FrBdu+cHf27jyN
bXgBxPVHYb83kzWZXgrENu+vYRC0C6A8uNzGcMaIHTMJPd5znFweixl1qGTvg3B8
6r5RFA9A8PM0ezBJViku0yrUO1nnuwR1M7rQHBcQR63YweCOb/RFdic1gU2th5Ds
g9+pjW9fLHLCeP2PI3OPOKqad0A3gZnoP9sYaNQRITCFLHeQMHRbhHr93hOUcAAy
spCREZaTKIBXohLnOntzLlYTX2otTbvpRXUMe1YiNMYCx7tJhBZkjUf+5tq0RVuc
bCqrnEa79LQGF79Io+MYqQK8Ffsa30lFodA9/zgxDaTNBJBLKVY2gjTzqwbwuIB1
v7PHg0gI82xTNwJeeD+nnBT+u0guNLU5I1M2+F6sQPNr+cwHjp8aBgc2/nPJJBs8
Voz0YwDBejNmL+HdeZpGdnf+pH9/Ff5Ty+K5RRgsiuQacsZQzpQwDHOiwdXAEBRz
WBBqLnrfUcu2QNmtR1IuWhweC9kWka0qFXh29opzU6C7rvA/uUEBr2rsNpUrr7gJ
Zagt7SVXe46kpD0XGL+fAIib1fJL04SCrZHShwEuE0wBL5365XOoCKAc13OHhHY6
OqW6n9qZu8LGEpbTyBOAQmKl1dE2rzPMQwE8B/RetI2qzukWUi3ubed3UBvNoOGl
hxs3xUOgqD2Zc9ZPgROPCpp7af8UCMae2gXkJNKb/BTwnFUvvTLZuf8ZpEoelh0E
9vwXXCgcG7xpncQDAt0eT7ankN1h8l7p/amWOH4t6kPdC1zhlEJG9HTHrpXi13MC
D+YunXjyIuMf439owUy7AGdnIKn15EfgA0rHWh7CowYFjYcand8BOKUdbwX6K62C
WaLX8TOflWsc06z7e0UZ+B1YD2mvtCHwssR9zwhlledSXOsfLvZZeizLfHVjOA5P
cBEaaVe3iSIDTun0XJbzen4iMCfcg3M259teyThqQd6dgNccBHJEza9bPTz/5uCS
+UiXB7MQvAMZrj4kPmX1RHhu58OPf5copmYpW0/0hmwOXWYAgWCRGV2zGU9Ib6mz
RBLli8YvOHl4INTGv++ayFaCMYu8cin09oiRsLJhJMRr9zjYB9IK5+IFIMdmkCTZ
TOh7MzObiM1/bjIh99Cfoh3cfO+vdbhtyHtw8aOJ7Fai1SalEguDyFUaRIEO31J8
aGcDz3qw+ImzT6/dsHlMiUgKa04NqeJ9O3SJxzPCFvBscRcbSJH/l3TSfsn+Kae6
XjaobFGJAZTjPWUdWg/QEmUFf7yKsPpxwBQtk3xDNxKHtzGLt6XIh6eUVmuvnt9n
SYaau7Yhib+PxyUI6mdRQthAdYJKzgnRJgjxAayuYraS0kurwJ9EA5SlKByTElEq
qEMhdH83jY1LxtHTbcTxuGMtVSeFSijjMdgRQvdm0zfzYiQqseErqrBniLeTl3D6
Mf6VDVs6470sCJZxpZHi5ETh28+4r797Cgf4lzfhbzVxhxoXGigT4gY/ZCkZ5ajr
9OplQMHPQ2hHSfHJLrqNnQXNgKmhtFjKW9FoAQV9rp/B7nH82slbIbKFGJgTUvoS
LM51wF2G7De+X0gnr2RVRBMhDdA2QK4eEdaZ08EdAMl/F+i9LBXOvyoNc903Wyzb
7RKDYraMlpTgmr6gmVIUNQYh4FmvuW6wzG1UzkGfao1gimSuea6RA/VwK/0O/Hy9
1U8lNthSxGGVaGZ3PmMvyw5dZgCBYJEZXbMZT0hvqbOSKV+WX3lSCbDmOlvI/B3A
tnS4FtT0ZLgOCmPWHdLg+WuTcc4sbu2xJGJqg212znFKoNsy4VjTXqnwuR5jgFBA
CoBJHLr5xUO3MsEmR7pxmSlnuT1VJhM9NzgL0g7UkVivJxlGz6+HeX0CHIMTkZy2
Ukp8HQ3Al6phZQO8ERAYAl8LEk4UtYOamqrGhQVXODc0ALDFfXzCbXXQpwajd1i2
5fzDoFxrt7oYUOKlaIPBN8LNRs2EP0LgjiccG62h0YurcqUh2OYjcds7a1W/7Sqi
J8q6uG7JyaM1eIvzLxYaBraMc6PRX7WRV4oocLA5WB4Y1V++5JMyK4qA1U8W/W0w
1oPDZZpUSWP4Cn9udHdfRjH+lQ1bOuO9LAiWcaWR4uRhNtO4jOp5cHkyBUYvEM2T
TauL/h2fvOsfnh67JJx8ytUac8dtGU1lf8k4Ref+SMSgwBIMMyD2+9uRhaSRV4s+
FiGMQ/fzpppINYczinq6M844xyV10P2kOLS2S4LhJRQY13t6G/1Iy4/zzES23+V9
JQlmGugUwUzXOPMdqWf2dbGt6uyKrKQybGb0oduPoBIqRxqqwStgeVg5ygVKe7yk
Lv1LTQ3psiHonMcCRGDFFaIx5qgpnCiIQaXnXmpasLZ3Ag2aD1qtegnkHbTePMKq
jLft52AlvochH7VZFuUqTKRH5cuV7vio1pI26HyF6NRWjsgsODxVfA668Dg23mY6
F3NWdIuybft9cJP23JRwA5vwnitSHMAGi8E5/uLWgOoyzMNOASz3yR2dcsfSDnzb
ygad5kBAu2RHImyr5GsJ/vo1+jfJmDETX5GTDrQk0VBeZpkSgaMZKJ6g+4R/vaxw
IrmfvTww86wSEDbjUTGVuN+ASn7m/rtPytG3beH/hqO2SN9r7HgQesiAWwAtMmix
7HxSdNMghQt/DMy2jNyWdaXJnGLRMpp++6dA3Dv1OHi+J/TIhNTfWHqVSgDGLE7Q
lpjQTxBGl6kOV7G540iWu3vlRqLjYQc+/7nqg765VlAKLzI8E1mvVVE/yVTzIipR
1sdUvcj9cEyYH1MRVYw4Ybq8cYiG+y30XMV4sZnsIYNbxy0Bqm78bXcp7VpejAvb
BdE3QNpnmDxFGlzr5oTk5yDF2Bs9PK7WJ0Ga7VUXhv8H2wcsIm5pY0VvCZK+fUPb
3f1a0JKgvy7MIVV68S1s4GetrtMKyIGVsxQhT6gkon8OA6UJ9bJUkTIRdrrt9ywj
rAoTPErFJJdfRM6UfWfIGuBuFG/tLW5rFNdJVxKTO/Yu+331xOJJqLsDCGV6JoOd
sb+pFRnRZCeRr4GoqAjjDVWrpxEoY6BX/ok6O42LvsAw5XH+apoQtNXTBcT/i6fZ
uGbQGT1KhKkUhU+VIIvn2Q5dZgCBYJEZXbMZT0hvqbOYF5boOlHIofr3miHKDTCj
donogSriC1XJRKsVjXBSKVDK7FhJfmfT3WjFv5g0Spw7Q2f0ONb0mV3+QawRKarQ
vjYUPpZej+k34AtgBOFPBpZsz6potfhThG6yDTGP6sV4ue1QiqWgps7kLaPI1+fK
ipKjfHEBm/NiYGIAkhrY+4nXSozuhQTteM2BoZJgTk9rbhQe8R5j/6iNiajjOTyB
jBahlwNPDo/Kd6UlvyVFhpZZxblQ/9ISgKgyo0Mu6rLyoD65Zl65/6l1NboYyCjU
qhnxwH749Xa5FdajumB/u7r1/7Zf88kBpzdcTmti767m4ZJbsocqB88g9o7lM153
chuycL2PQILgfLEbzrhCgJKtaHhsT9EukHlYOHF5pwKGqX8GDYRvHGdX10bTz68l
c+GPTMlTvUIhCgPmivwwza8wO8QXDukTSuUGP9E7eDbpUnvOepyCTrZCi0LJTg91
Z4jusfVYaxYSsC4qKI71tMYjXeQXgpf7ozU+M1D8PkwKIEQkeWdbLyJpx46KAcmW
UxFAu7hSKPh7nYMVpfZogNHX457qfuGdSnThR5lSM7D/Gd01e7vNbPeO/+xcyZS/
6MZC3i3j06TX215+gid3/4ope0rZ8zAkgbR7fIcfJtcZOB0W89xtBMI3C0zM2irI
xKXrgE0NwknRUY3TpR4yjaxEL3WhCg63kBiMRpG4PQHOgWX2Be5petSdhRYrVAgu
AjZQi4rG8/OzPtK6YdHqSriPq6sueVoBMRxsZ7+uSt7tfU7g5/rM+o2VkukKxuDV
iNvKAVsSJ+jaqLqSHtYozziShHZsKTdYlxZQRUVECRPE/TWqbjsFOAJJuoZ4sls9
n2rY1TAcQBeVtn15JW52iAjZU3v4n+C5BjZCWyztXAvUiaLwFRVGIZ+qq3je582t
GojxgxF2j4ytA8a2JID18ElVSQGa1aYE2P6AfaWh2Un8Kt8a4Y4PkKvNEgNy1p5n
74h47PxFHQ6/04rjLh8I2uYk97ki+0xlcMb/b9SwHJXngOacBYgOs/hQMedNRqpK
FxT7XzE+qQB0UxYHR5dBypBVOx3dwtMh+lUKjaC8K6D2ouz9edQ98LTU2soe41HE
qjPZWbuhIEKiKxw5gLrKgPB+lcA+SeWzQ9IL6t6m7rimmv/G6Il/P2VY1vkFW0TP
/J0ZcfjfiEXkbj5WjbZnYW8FG3o3akVWULr2D8x45VFmNmFT9qLRsX4Oimznbhsc
qnf0aLKl7RiqNWns0t3+MNe9J2vefZZZphBh9Lh+eA29vrinOKiUBI4a0pB7ca9s
Z+9WDPB/MZvIitSsJ3nq2O3lbYl4zzkm6bd42+1xXa1wuw9/hrt8GGEpPwjklqsF
G3/C4pOdkdZhoHjxoF3vPVetzdINVxAcNMYds0Bj5DoiW6PHe5PP12mYAX+xfAJP
scWTDeTW0kLgDI0dAua3GgCbGKxh4lbE8j1b7u76TIMd/NFVNLp7czeOvh3tanMU
2YddFVshiG/id0Bvc6CC8fYWGNCLp1AdE6JkJF15VjSgB+U+Lzu1kcv1BG0h0Tc2
Xz64lBqBuJ+PFZAQIRzcSBAFaopnYVA1kj9ehFJe89vmwia2PfHykw6eizmYZyUB
gAny3Vq4MstDGKo03S1SAbbC2jw9exBHD5EjdYxJNv+DBHXR6o7F7ntZ7t0s7GfR
megUQXjDYylOV+5QCWjMQVo0Ty61ipFcxmt5eSi3ClD2SIWdDYrKk9/uhFBFvW6J
lXREvlCJwbj7fZeMsJLxwar/snIunInyaE3WnnsAmQIns1ykqee0N5jAaWHIrC5C
zwj3dtFTFhwymWdKJUOyj+19dbHQAtlsKfsTsTsk6E7YpzqnfycvAUWf7/kTQ+2P
VEPB8+8x6PWjrzXeIf9LeIxMuH1rOkHgkOAo0VfTlnKgXZrx4hOlANVV/Ty0l6VG
iZMkdbjTujAw0tj1Nmv2EbN/P74glSG5SxT0K+IL9JevHdxXDr5By2vatzb5vzpc
ZGZzBIzqfeU1hPz8aVKFcmBiKh1cOQaHl1vcFU27Rxi5wubpssyu8iPLCU4ZEP+L
nWPAyyK21T2lzkBYe3p5E595axMUvDbyGv/HvvSpqw+ryI1Y0HS1pciBbImkm1wQ
kunxKjTH1KWUyuGYc2oFazeKEmdJTawSubKEUASu9jHb/PCDZbpLEwkkAFuGlqAt
2+255GVFYDHRr+LR08Y2v7gN6EL2hRlS7WjLYYEAlWMgvBA7AudfNmjbONG1jB0I
p9wqBxZqZhkb1rfXt7REZn12HuSAfG+tkNcc5dEjzZ6dUxphnaBsmp43fNkacUG5
UaObdZMzxbaJc7lT7F660/rC1v8y3A9eP1NztkIrzD09ldtcAon6tI1Y8IjbouRH
JdUewGt30q1xefe/5mwtGBv3+d3rVZyc1ygagDGlxvH3BdfFdCAZG3zVPfN1oRJO
VGB6Vd3YOrzdW7KsFoF5BcIsxmOFIxjnu3eacTPMR8GHQEbFTWcfiO03aJPjAflB
+7aCoybUvDTw8bF0cmbmIFuAZe7+03lj1DPt8/Ggv07Q8eeYAN+amEjskTixn35A
1+NJYs6G7LNlbfY8haq689H73aE0pMoCRilOHQwblOtGdjsukRqcS1qFxe3ZmJKW
dABNXrgZ11+iH7fi8qkvPS1NmnatW6QQsqYUK5OJxm6H/C11SXeg/ytS6uXY80RX
ZRr0c4i2pLsHenx0qTjBXm8WkWF/RaeKGuXKTGiPV8FAm3c7+5s7BW9/TRQXozNk
MunMwLYwTNNeFCwlJwfaI+gsAtGH14S4q+Mbax1tpKQJ+bm5zjwqdEIJ34czeVAw
K+E72fMdGIegIFB2+331oN6ykiseUsgfIm7xXJ8dQ+2B7y/znBPtkacP4lUkrg+i
+c0MK7LEwQRSo3ejumxQC/rC1v8y3A9eP1NztkIrzD0gr8CXemY6SSejtpBXrQkZ
+BGTqOAEvchm/Rs9L9Nnyu27AYvTYUlbeSJ4/CxP31VO5xijg+hXje4qg38uR4N2
ZqKazOlY1SmFod96e/s2ABaQ0DiDo2sq7XyPsR9hdJMPwQ6ph7FTi/ed9iX/T/5M
tYj685GeUGBfQJW4sDpdwwWKLhuNa2p2zXV3jIwaHPWvDXwvuxOAAgCVhLo/nlj8
fuiziHwgOjEoKC2RsohKlRRAXKMhSkHnjCeLMr3aBD4C+VLJuQwTDJvlX1GNtS5v
2U3PAAU+CUfoDaB5DBGzMLbg3G0dlYeo/6VjrUDhHEGqkTJNNwkqam4xHyBZAZFs
FybS/jGSa8Gl+rB0kroUMpXK1oSnxXeoDUsTdgbxF7+NeRZDSFj5LtDkceH0j3NJ
GDINJIx02hX6rVxclwZFH+eLa6I941PMb8j0RSfZ4YfuwOzdeYzb4Lc13XH9vWTB
x1rfTJnrMtKNhh9FLug3h5gXlug6Ucih+veaIcoNMKPvI4+3GHwl5IVyfn/5M8f7
T0IivomDNLH131UWkEBiu6p6jWSsvunwZ7C148X+l9WCc832Q0oKv6QMYWDdU+nU
aqsf3wttwc9pM5i+1I0h962iXE30kWmIeF5g0c5Q17Ht4jMSD0UE+fTfk/9ZBVwp
tzNNA0VkhMpR265eQWYY85XK1oSnxXeoDUsTdgbxF78vjpOBgadbvb1B1JnVn754
K3cdTKs4tAf5N/Gfkg99IokOD8Wmqkq53+kX13bMsEvuwOzdeYzb4Lc13XH9vWTB
x1rfTJnrMtKNhh9FLug3h5gXlug6Ucih+veaIcoNMKPAPVx0JySaG1jnr/iZiJR5
NSzbvg2KnfTz3gx6O3ItLuNVZcmxHwR3XxSwskU3J7KP2qqxB1uW2QlO7iO0Po5D
vxCxqaBrdPgcG9u8Uu4Z3miR++CVo2jQgGFFncQNIDbT/i0EMLR1fg3/4ykWncrs
nmEtYJFXLeHg/SG8bz6m149UmgmAs/YcR24w/Moe2oP98c5keSXENl7csPbbFOgI
GlixR+0id8D9+RtBCc6LnsZ3Dd9xKfsfiwQT1qBkNG28Kkca13x7OCoGFEt1QmD9
nmBLq2G1aq/BQtHZ4cayWVBUc5Q5r9MlgvE22SwU/MHTqsZWXeb63vy3TF5JnYgy
eunjBb0nLChJByFfVnSXrtWvoOD71fB42ior3yZD/j2gB9fRfnQFRcdIgM37+6Gw
Rs/FW7bbIdoc9QUe5Hyz9pV0RL5QicG4+32XjLCS8cFAAGFtqEANACJ9Xuryx2NF
wgFgpeJ9cGHnop2zj4gSRsjegmgc7Ud930LK4EE9ioLbfQjXdZIy4zUskMUhUGwE
XHWlQkA3pKQOTsxBlbsWWOcdwvAWO+vKkHV33rM5j2VvluRxUIcEvQQTtyv8clI+
Q52cLB4BxM08aZAFwO47AeQwwxuvtkHgg6ANiFf+40A7nBvCzP3qPJUy54gBZvLj
LrLY+vKHtkRYTUVjybNcef24ytttxDde5dyhuniZh18Dpr8H+giIisHJCE2qtW49
JeaW+Y+HBIpQEN1gdsRxfzJz+MCnxt4E4CPPzrEz5O9CSmIvCZCECnI5mdGO0jNJ
ZqKazOlY1SmFod96e/s2AMPtQ5o1qsQ7mneLEwAKnc0PwQ6ph7FTi/ed9iX/T/5M
KhqRm2WxYPvQX7uzZLw/OUEtRBE2qiPsSkpftn3rXvAy0SOoa9oEwBuAFLW9ydBl
lmzPqmi1+FOEbrINMY/qxWqj2C1MwaJK2UonOX5qK6VIq45Ah4xpXEGcLtycOt5J
Uv2pLoCQgKCzQVJSvSE3ZFz1VTcYbaHv7drEXP30VVxQww83SgQFWh4SdSBSegRz
ZUxz5lMd1E4Zmr/7fijrH/wNf91bH7xGxGbL8SjlduHb453kNtZV7iVva5rPV1B4
Xj8+RlF7Y/j+5S2jwWpKEIKUvmxjfqLv7WRuEcuAFU0i2ycPDZZ7LqbSO7XbM5V0
7oSpMo/QStehvCUkk7ENJBl78zu+1YL8NCpFz2Emy5u1rpZ+Q3h3QXanOuz/pV/K
wZPR8pmKfOamKRKLUMOsAYdCfWiBJibrB6S0YupPqigTy3YESwhtVviZyxEYcl49
3DFTCbXMxPZHQ93sY/AmxMl/m4XZ+LyzUJ3wDAHesIZ8VeUUD5w3mg3u8/iHqdQY
snlTCDHw1QmLKBfYBeijc1vsvkdMMgf4bmPslWOOu9s7ZC+SUUNbdX7NRCp6KqC0
V3/o83Lnm6DE8KVr9hKvVIOrlir2C9BLCYBLWsi4/BxSfFmUqJXlw6oUhuVkPX7n
W6ttRPCiQWcM/Ne26FKmrpIH4hZslr1IATO+U6h+QSL/SaDOwe+PedTS328rGVqI
PvtVq3zko3IdUulmoOzS1+n1ZOZ4C30OPgVotvW2kHrQ0mj954A+RlAQ/FFxuBEg
HU4djnUmZccV4jjySp20d4/CSsLp4bjp7TWeH5UsdX1qw5fu7J9eKhG/xnOvJdPh
g4CpkhBoIaVcUSkX6SxdYa8OIppB+Pon1oYYwTaubC2hOst8NuXgsFkhihXfHzu4
JiSoMPbzX6mxTmyHA7kyo/UWfHlqziZUliPqXp9RED1BtM++4O+EP1EXbweTOiJH
i1OIwbAsjjOaEzBwvZjWcNx34ITp+OFupAt4QvD7Bm914sPF2/0I/SbaTyDamhhe
IW51EdZfUBwhDH5viPhw7C1QtwuNNu0HIvwSTJWKQCyCYJM5svFX0+bzJgPDPUXZ
8Y8LyU2/fAqRQWGoqEISB4dFmHMqoBTCxsLEBGWLHNTGyY/Yq3i4p1ZMvYjtMuFj
hoyUXkLdcCfDE2kKQ1lc0VZdY638quQCDUSJm4Z+1yLQh3JJPA6j1cWvGuly7v3E
vwqW+soa6zzpK+1m/Q6rbMU+IkUeQrZgM/0XQsKdEvk+IF52ghRjy5bYizJEV640
PexIPHDHvt7dSTOnRVl6utRvLeK/OcPgqGw8+wqKs12mOikFYgKx54zGlYw6Mxfb
gdlSBLtufafJLPJciNyKM2Ifc303E5Vukc5hfvJPhMER18Cz9ZyA0D2ej7XeoI45
5p21YMUfoquiHfge9LbXQ49NIz7/JSpz86Llz0ByHuhqWUIEmELpQZgtqSXMQEOp
VaUo2qNRGpEHHoN8+JeZ9ZCnJi4jV5vffJH8cWbr4L3ngOacBYgOs/hQMedNRqpK
SNCQgpHZ4nUP+91wd5sotpgAad7CcmfgF/bgPjEqEy3D7ZVb0A6bAZva5s7fDUId
8Bn6u9KdVha+FlvynH9e+fVQjjqdLZKaEGc4cKU0EOKVIom/sbo1xjOOfDLwNmRC
XOUpYwQd1HsBvq0da1sm0K6RfLC3cnj2lSG0hw9PuqYbED8ISPctsE0n1g0lNCat
1em0pBtAEEhQeBCN8g73B5V0RL5QicG4+32XjLCS8cHCSIQarATxYN/SJ9jso76A
wuYKoqjBW1QH89Yf3FnRuxCNLtMKhcqAufbC76SwFKWjdCS/VvOH7w/SMNeC7wce
0ARfFX9dSPm/pcdpzyaKDtdXWuTEDRX7rfQIYwvNH3GjqcgjisRS3SkxJbYMMUco
bI9M8E61qBIAHmF0MGIwBH/DwxHFKRyKq96dku7uoQoNQgf6ssdtJhr/7/4BeEHE
xX3Pc1s56s+mDpe/wsjYK0ZUQNjE7QFWUDBCjgyx8kEC69CIIkcJNxZuSQBR7PF6
mS8YQvL09PX9TWQzRKQGifhrO9+Q5/mY81OXkK4L2ZqdrNsLBvi9Ol8teZRDx5wd
IrE2m0Yxay+q7PWs8+TT7i1NmnatW6QQsqYUK5OJxm6H/C11SXeg/ytS6uXY80RX
ZRr0c4i2pLsHenx0qTjBXm8WkWF/RaeKGuXKTGiPV8FqJj80PLERm8CNJc3PCWUq
MunMwLYwTNNeFCwlJwfaI/vNifQ/8lrJUzXQqXkAT9FJxf3DiMoy082VM9LvI8V9
K+E72fMdGIegIFB2+331oN6ykiseUsgfIm7xXJ8dQ+2B7y/znBPtkacP4lUkrg+i
8b2tGz8RBftYeYD7Rs6NgvrC1v8y3A9eP1NztkIrzD0gr8CXemY6SSejtpBXrQkZ
+BGTqOAEvchm/Rs9L9Nnyu27AYvTYUlbeSJ4/CxP31Wu72EzLVbvjRJYHJlOZ1G4
ZqKazOlY1SmFod96e/s2AA7+tCN76fjupwgH4BRFtwIgvBA7AudfNmjbONG1jB0I
p9wqBxZqZhkb1rfXt7REZn12HuSAfG+tkNcc5dEjzZ6dUxphnaBsmp43fNkacUG5
8L/vb7Xt+O+LdQP5VScDnPrC1v8y3A9eP1NztkIrzD09ldtcAon6tI1Y8IjbouRH
FylDi+TM7+V97Rr7oGwz2Bv3+d3rVZyc1ygagDGlxvH3BdfFdCAZG3zVPfN1oRJO
VGB6Vd3YOrzdW7KsFoF5BcIsxmOFIxjnu3eacTPMR8FaF5baTCrS4Xv5FxYLadVn
+7aCoybUvDTw8bF0cmbmIFuAZe7+03lj1DPt8/Ggv07Q8eeYAN+amEjskTixn35A
1+NJYs6G7LNlbfY8haq689WnSf4vengNxPJ0y7RRcDfbADh/ARyQQ3F+x3z0xOeS
7yOPtxh8JeSFcn5/+TPH+w2I2eDRQ3Lw4lUKHU80o1mMFqGXA08Oj8p3pSW/JUWG
fJyvuJxtZOGKO8jYc6awsxyPWY3LDpk93QTaOIt2R/Y36btOkvBKZZK5h7WucMLz
13Cn6B6zeybNlGATjaUFTMTfO42K0lYs4jaVlquyaqZsRRvjUGzwUtWC/s/dziYO
qoH5DrbUrvfHM/ntSBkN3ru7apGTgtRRM1wUbSJ521nZP4ZEjRYm7cqOZsI51iMX
T0IivomDNLH131UWkEBiu+SbVxi+1Q0+GHTPdu5bK185R0Z742GkBPqO1PZ2Hv+e
aqsf3wttwc9pM5i+1I0h962iXE30kWmIeF5g0c5Q17Ht4jMSD0UE+fTfk/9ZBVwp
0w+cF5kb1l8QnOL4q/BScJXK1oSnxXeoDUsTdgbxF78H6xLl5CWfADJtakUgIi8D
vgAhTMlgK9PBN6qo1xBSAw2LwA5JwOhhqokPeNBTFnvuwOzdeYzb4Lc13XH9vWTB
x1rfTJnrMtKNhh9FLug3h7u7apGTgtRRM1wUbSJ521nllmdPazdFgm1cw3VrLzI5
T0IivomDNLH131UWkEBiu4Lz6vszBl5GcujIO99fIedlHe+tQ2Y0GgRsWbVTgPZp
aqsf3wttwc9pM5i+1I0h962iXE30kWmIeF5g0c5Q17Ht4jMSD0UE+fTfk/9ZBVwp
ITxWtK5JVq8djk68UQv87pXK1oSnxXeoDUsTdgbxF79Nm+eicOEg2okZvyELHtA6
3Cc3w6VRb+NSKkQAYTYrbgioV1QnwAt30sBZLLG2cdUYLvaoLrNz6VNyV1w26UWL
NCOKd23FyJFDtO6GnWt4IZgUIjp/X7UHEpvlM/tssjj8Q8fQguibF2bV+pfgEGH7
wxtaFn1wV/d432zZbr5W/tKzpG7npsRohSH+Jo9eM2sa4RCfAxxvJlchBZVXuijh
Hq5miM52akc9Sd2/uuuoR2PNmCGM3gPZ4UQBQ5sFzeGIsCS21XMrpYtg6PCDlcYE
5YzdazGrQYk/L12yHIkYTbLowJwTX7V4cW5670B6aHk7mFopaiYlRwP2NHl6iLKO
bUipV3AOS9M2ckzm7mNHLaI5U1fbdZ0Z1tyFvvIK+YiH/LbwjnytSq3+hRb/Selm
f/+m6sqfZma5ImX7mUU1h5gpJN5hmNHAOStjN5bhoEHGZppXduk3gKzV0RnOZvM0
pLj4oXlORDntABbLnJZkwCaz1h1KhupD0Q50Ltu0OtgHqmsCM1ZnFGPAKHyftBvR
0xbdHnm/YZNoVTUYSGXmH4aR+eZ8G2F07uveFrNqv8zRjvz/FSwqGo58Jh+1JAHN
948nn55LsWacydon4sGlyaS4+KF5TkQ57QAWy5yWZMBVqiGTV5V+nhv2+1poLg6x
XVj/RgTrXsCe7ZIm+IOKaljsnaaWjiIPI3Y5CCsEGH8JfvTHcvfMArEhrv/1E/Ds
ZD+IA1pa/sniWNR/BAzY979GAG9X1th6p7PjUmNEJtRXjCcQ/Hc+Zvg6+jDo2y9i
AS+d+uVzqAigHNdzh4R2Ojqlup/ambvCxhKW08gTgEIarQmn78dCi5wWs3ETZiZ0
94oIezq3UGRu22m2bHseO4bnh0slX5QD9PfxHdX3vnfUz9+1BZaC6JvwL9C6ebtH
mN9LGd4kW683mNNGPqkZearg2si4y7JhEZy4fZiBQVoJk21zmBAiU+s77wIazw7R
Zrej55gVnI8t39qaMu2QLsQth1u7tKTzzH93w5feD1DTK1gKy7EhNa0nRcFOjH1u
lpcv7ahtx7Qx3PGetxC/dAcfcqD/IXbfaohZ4SmnEPGucxub8wY7RO3xHs4UDfly
btmc5pfkNYD+sl/jVCTe+GbgEEshc47PYyz/pvpM7VLvWPhpXvgXiaFp4vmWi7jS
pYAZ9bX/u+b8PzZkAP4Y51sYwdQJOYGzaQ82U/lcAiR3RCS26H0vmGOvOdCQI4VA
GaOlSJ9b7EMv7cfpryrJkyvg0xUI8AROEZl7qDxL7Pc087NfforK+lb0dP61FBSC
uQKKWoDvuQuntoXropTMQGSHfrfgXGE1z7ECyvbq/V59cN1o3hBe/W2E7aToUnC/
1Imi8BUVRiGfqqt43ufNrTWiW6sXO05xoYd5YqYKTL7Outog/ELVEGNlOUHObuPu
Jp/JtqRbVf2Pg7dEfVIq5VKOMojyDD7Hdq1bgIq0997ayUgm6ZgHHp2YWcnLhiTR
1s5YFe15I7KDB3mqY94MyOMlMULbh0zZAAut84kGxe+2wto8PXsQRw+RI3WMSTb/
i8M+NM+nA+ppBUZCOfqSsjpvgqpGXx4pw5gD7jnRt1kgKqYzyWblI/v5YpDI8G5L
4KLRtMVaQo6IEh/AHj0StwCGxsvCF5YpvkU0P2A5qwfwfpXAPknls0PSC+repu64
XQMc4E7W4/mgn2nkidRex5O3doDMpo3SrP0B1BumTgq3G6GTqbZRgqXMMqn/B+/j
g2yQep1dFqPVYyhzB5YknPv4uvOUYEPRy+YL9wcQouhUzJ4xnbKb9t531kkYzPW4
7gdbHeMW+nmdTEVfthB+qz8kpj2EqBHlmGG3D9t3wx1n0Se2UMtNf+U6cBkBSJzM
40Yhi/HQxx+QsQzkDSLg2fPSJzTXUbxxXaFVkIicIsRxo4wXQD+GK0Z3Bb7JlhvH
6uFiqrsuI2FIj4fub6fMsiMJzAS4DoqG3mLFPDkIoBtRT1kffLancZPkY5lm6qPC
YA1dxnlisYAp/P2SAkcKsTfpu06S8EplkrmHta5wwvMzUUsNAS3jiVQWI7Qk4pnZ
qfxewdFcV1Ydh9B0sryGmGa1AccfDnEB1/Jq9uL1v2GvNi/j55tn4Ort4og2t79j
jfNkIQ58ihVlrZjQOcgnC9O7jFYkCkWBj77PIc3uGDY2gm9YXKiXpiHBXykwot9y
YaihMcGe6iOSqL3uEMzkPGiHLT87TVdySFUM1TBQv+RBqatqOYsLM8HxlpnTsHR6
//iLc1upSnSLOO3uLcjjESfqyR7T8NifFfqR9NNYZ5xmxEs8tRJLYoTfwkp/FbAL
0p8rMDDNL/Hs/Ry8jX09xlIRDG9io+cbvl7lbWT7V5fHNESFi2q+686ZhcjVgt2Z
b0HO/d4TrinwGdLhOJdSbtmBQqxnViB11YO5HWgW/sbM1+G/SdhEG2Hj8wqn2ed+
9hYY0IunUB0TomQkXXlWNGBIYSXgBDz31qcq0BBp635yN9f5ipEXcFY/UK2E06dA
L919HES4hZnmsvnruicGbKJs2Qxqikqxw3rFAayIxekNaKdCf9hK+VbZYl4Sj8vG
0Aw+tMucwhVWYy1tO2/pCDVlij6mTTZ8eBjCIaFpXGdBcHc1pQ0ML9eNHq7r7ncr
QiMWnmMjBKEsOoYRTxgA4yhcnnbHxIXkLkWwY+O7H0BY98un1pRoGFfoJCEHuZaY
jbpNb3GYaAZvHFrRnSwKdzVIFN2n5Rq5eruHEBf+X1IYZXGTKJxMTKfM7k/foGKv
mBQiOn9ftQcSm+Uz+2yyOPxDx9CC6JsXZtX6l+AQYfvDG1oWfXBX93jfbNluvlb+
Ll8j1B5BwBQM0wtvPs1xUUpYwS4F0Yr5mhn1p5+OvsrDr5l9XACuPwvuQwJohPVn
hr+lJUFjNKjWPJbLghFQo2q+/r8tuEAHEwutEBgXenZ2uEHWhOSUZUyM5nbxQn9N
g+Wsc61+kIjqwU/QlqQGnnviBOGI2uGHjd4ImIVjqacS4txIsmgMoIGRYpDgsH/8
83/SGMiLGjNR8CquGzuPD1EV15+SEeg4qn6lv/SRYuMWFFZwprXyYsOZkr75L9CI
gUV7A7OTlNjnsNF1bnIqVV1Y/0YE617Anu2SJviDimpr9zjYB9IK5+IFIMdmkCTZ
XqbP43z1e0iPysbq5Ak+ANP+LQQwtHV+Df/jKRadyuyeYS1gkVct4eD9IbxvPqbX
j1SaCYCz9hxHbjD8yh7agzAglByNa8A0gJ0XcDRKB4MS4txIsmgMoIGRYpDgsH/8
Rp7s/0JwGjaQ7TxOAoeme1LxD0qxBU+m79xqouOH64jfLqpa4JpsIB0zuOlYnJKw
TOJNlwyZW7/Es3f1c8/qX+ShU1sIuYFsl9U/7NYH4ZahViiqMabHkcZO8fZtjzKF
UcaQ17NcTgd+bSabNomr5yXmlvmPhwSKUBDdYHbEcX9N+OtSYY/LlZrrEvDBhuYY
sl3H/rjsUBFY0P+qEtimp/2iZfYUeku1jI8Fa/Ld6i65dkOzeclnsavZOTLDK3km
+u1buyz6G87GYnJaykOwO8Dc1tMr7R1oszWaS/CLNeEYNFTfN6UP+INvuRNihICr
5vm8v/8LSXljE4UalY0wqsPGaz+yEUupbfuPzjnw/9Vtnu82Bo0gtKunfBQxqSX2
b7QvLrzk0O4HK045ajPdTQnEsfZ36IRge2OHQiz5pyNT4zq3+P624rwALzzdO7v2
NvcIRgnPu43XZM9plmw+krl2Q7N5yWexq9k5MsMreSatARZL25SQ0SZlO9u3oz8M
mHmxyX8yXIPdJKXzEM87En4JH3DyKa0knaC/jSX3GEADve2L/n3BECzop0Ye3RqB
L2EcHoQGQ7qlGMH/5SxBjr8OLHqtap2SFd6CjUsE3GgmJwCdvDTj1on0nnICR7ml
aGbRAS6AtngVHSpwZs39EK80F7zjxMSkykPWnfRpsCh2lQd9CNut+4jliPFNsbJL
OMjuI9Oi/rRLY5DrJF+Dn2OvUHdEBLRu7v0LR7vpjdUYyJGbhBxYWZ47jRaE8qbE
XWG9noZ+ZTn2EgLnytvnJsDrB9678/er6+8Cjiu7Xl+tARZL25SQ0SZlO9u3oz8M
xp1sA5LV9rc3roY8ccS1EwygKSlzHVCbuBuW3ydd6+8Dve2L/n3BECzop0Ye3RqB
L2EcHoQGQ7qlGMH/5SxBjr8OLHqtap2SFd6CjUsE3Gip87P9ugwqsWmkShHZQmHn
aGbRAS6AtngVHSpwZs39ECEPZuoKVnzZzUbskbu/aQdwEj9UGP33qsEfeyipfmUx
/jIXDtOEMTm6fDgbHNnb49Sc95VDt1gI+I7WyRLkI3exntOHkK6Qa+bOq1aGUkIU
p9wqBxZqZhkb1rfXt7REZn12HuSAfG+tkNcc5dEjzZ6dUxphnaBsmp43fNkacUG5
Rnwei/CJQE9LMLq9tF2nEFHOvLxhGKBt+OBm14PSeOdfTGSdme4ZpGkWR0Q28TG4
Cj2l5zWjRSoD5r7pBov68sgtQAsU0F+oB+CtOB3C8b5RIlaAwfmbm+8o1Ki6CF5v
+VmE9vGQcGIrfv+G9ht08Dp8czRj1wQAPA/LEw1zY6qVwumfnBFH7ZS8u/IN6KG/
3S5p6VAHSPsGYBUN8AitjbKo1EmVWflJwNFo/QMAinNQkxyxE+UQ3xXyItWnzBGf
OE0ErLBnAeWn/jfO6m03SmrH4R0CM57W08MIOMID0JuSuueZK3iEPMmhwWSKL1A4
+7aCoybUvDTw8bF0cmbmIDeFt20spX/ptLMB2V0YR7egAFrXTUYo0cpNnS6Q7wPm
rbPexAOo4vstfQa5wKmNrIivX49CVbNH5Nx1o3CyRxf67Vu7LPobzsZiclrKQ7A7
fGXEawGCLihRle7TdekhjRg0VN83pQ/4g2+5E2KEgKvybwqAyydkNkRnHwkPAJoL
t2bCRmFt9DSeBqa5WN67NKS4+KF5TkQ57QAWy5yWZMDu/hdUacXXA4NTO+HI8sCU
XVj/RgTrXsCe7ZIm+IOKar/laUWD0JOXkXbevgq1iQquYP85gugxr17V3VYx2cEf
xs2KqlY//7lFrgJGwn9X1jT50Gg+QvYFgKfQCnFeP3CQVTsd3cLTIfpVCo2gvCug
nJC4dxyBc3PQwymNSPeheXLLdFyE4/sWlqXODy+KD9iVp3tPCuYRLVyP0r9SM2c1
Z3DrNg6ekBKWo+jiX972VQ7UQRhbjSXx56aLsw6JidLnTrkQRWXxSQpO5hAKrE37
Zrej55gVnI8t39qaMu2QLsHmg8TsjX4CbdjawCkGdU0yS8pvRQwjEVrElL9HZ819
ofhiU27avzXzrjFnC/7H+J//9FIBVhJg47xifpo/6GGeg5HtJ5JFUHJJ5l3uYouZ
KUPwj957cQpynI/lQczoiM8VEFBLeT6bOdXO6uJrLL6yegj6a11FQZMus7nYdorS
k7XYpyqYU63focKgrVvw9MWIuq4ExZYNgSBl98Ean8wJZg4CwDASkHL67tx6DUSD
O2KVkswG4QDzRTmLXurT+e5iSzK28fqL51uwe33dyI4USUCewS+gJfH/Ct8tomfl
p7MLXDm6Cfw5XDaDiMTUnSMHnQFpqwwFSI8b0zkg2pDfAUBD/WzHxg0F7ukhykmD
xVkcm1azYX8fxy0WHQzKIuCfu1mm3LJYlFvBxzrto6mrupmrfhfJcmFRBwbLOMH5
K+VcNcKMJsaOsvvFoi7vfEulsLlHed8fDmTJU4mRAF2HUczv6W/ZWoLdx+Rojj2B
DgXLsPtKvMWLXkFzdSjqFo22+FukMwJCj27Qq3gKAtB3nPX3ASSgj3GOfT2ob2nV
7Vx85yykLQ6EQ7SxPRZyyMqN+O4GDGk8E6AoAy8S7OHcKQOcvqYPxlWvADiDhsd/
dWMsD14SDzPRaYb/Q0vRb6A3MkdtGM9Gj3kovvRbMMbAZMpmcK68HA3cOZBxFkXE
enuBvJXIaWgaF7ZlljQX0GLlnaTHdKaUl8stxzxdvtRgX3pyPc02tbmsc5JC76NR
pHBRtrDJk1QIHFGNKq3B5XXiw8Xb/Qj9JtpPINqaGF5jHe5AFFunWIOl0vIS78Af
9RTlhNdfr5/SiUxlEZLcZFio6m2Asr/vyZeTq/y2bau1ReRscop5PfKWtXq7KunR
Q1sLoEvgULV7v77QxrjBegQ6kwlXCzqSOCrdr6VMKmP7RCOq4lbEvrsXTibt+k9o
ICTLJKB5dcIoZRq+XWD/q5afY5fM/UXGoMnNPYW7z+GxYLhLjvvfAWqdcYqgVRgy
IYq2K6O5PnCEAYcQ6xFtYrARDmGsPIuLurWJBaHe62q/ELGpoGt0+Bwb27xS7hne
aZ4JsBBNbfEeerRSYX6w/2frWr3UwoDjujngTKFK1QiSSsaXc69SRgIcAshxlo1b
mq6y0i9m3oraANzWuNGH3agV4zPobIRL2nCmREjtiI8ArBEguJW6JlNYkxBhT7iE
C/sA84jPLfGNRTooHOSWX/UU5YTXX6+f0olMZRGS3GSMUdeDs/VL3GpsAFMunhvW
+/lLdqNJ0cL4X2y2oQvbFHDCvCv5LKctmSGtA6Pf6lnOq4nDnT5Y9Bqz+5dSD31G
xrgfPgbWCoIia5Mk4wG2WOkk0HrRbsc3X2xQjBxYoEC2S09kiIgQXnzzAdtTUf3g
PRSXrGgRYt3+xLOo9jRXZ1HOvLxhGKBt+OBm14PSeOcgr8CXemY6SSejtpBXrQkZ
+BGTqOAEvchm/Rs9L9Nnyu27AYvTYUlbeSJ4/CxP31U36btOkvBKZZK5h7WucMLz
NL2+7Ri/1NIZUzYWeo6J70vOX24CM1UnW4I3LDEAVkYt//3AIQO7v6j2LTp+1/6l
H5qxH1/pphM8pfz+OEuR4XfR+90NvRuisNujX86u8IRoZtEBLoC2eBUdKnBmzf0Q
IQ9m6gpWfNnNRuyRu79pB3ASP1QY/feqwR97KKl+ZTH+MhcO04QxObp8OBsc2dvj
VfVc+SmgM5NNHdEIdUz7Djf5bqHtXHL5nP0yr0iDSpg36btOkvBKZZK5h7WucMLz
w0hLwirKUtIrI7qM6WgvgNdMQleEQJITpxL1kxkLLC9mqxUwi6mRcXoZDkoD3Cor
na2jO58ww6GFGgiZaCrSohzaUNB7IZwBuPoHVVFeOrqkuPiheU5EOe0AFsuclmTA
5Qs7ULpSbElnr8iuDUbUM/TTPUULn/ia1zhxjaMApWODRJIgXjSa1lGoYH9I2b+r
QSOw0VmV2pANKdUM/X/TSa9VIOm82vRRxTq14a93VKWgfrdQKO9OsRwMZvfi5Kzv
7f2Y9U/G2pA7lKO9754jW1RDwfPvMej1o6813iH/S3iMTLh9azpB4JDgKNFX05Zy
oF2a8eITpQDVVf08tJelRhyLKIX9Bo8mGdlC7oYWCZwi1aAebkx/7KfWygFFPA/+
oE/hiCZIcs92h3AGXeS0Na8rko2DN6RgEV8KQRgptIENByesEIHFxI1LbvCbA+wK
WdH161zXBhHUqtTdVLtpWKeZyqRsaSK7WbYKeYm2RkXiMaOzjsHqKOCBOLbMADbz
huWMaGMiOSbCh2uKvcuHn1RDwfPvMej1o6813iH/S3jXmpNwWnWDzFJhufggBbE0
R9l7d1vAdTj+fR2Qe+ml0aLwKTKByv8Zw0gEhBDVqymzIerc4q+VJf+4NksLdoUK
vdL+rB3DRbwnI9oFV5QlIF0M3PhglMS8ppeQGKw3AqekuPiheU5EOe0AFsuclmTA
wkiEGqwE8WDf0ifY7KO+gMLmCqKowVtUB/PWH9xZ0bsQjS7TCoXKgLn2wu+ksBSl
wPvfmuFpUBNPxTOAHbaSNr/V7OsHlfUZUNMxGD1TBoE6ppiVB33rKAFOd0pl8HXy
N/luoe1ccvmc/TKvSINKmBkHULQG4L1Zy8SY+N9HbB6xx+ccWe65N1RO3KuBsCQ2
HkfacOjtNt1e6AtL20AoCRLR4zf0hZTkFr4gCfezuzjT/i0EMLR1fg3/4ykWncrs
nmEtYJFXLeHg/SG8bz6m149UmgmAs/YcR24w/Moe2oMvLgnvGEvWAH5SihqS3Efm
EuLcSLJoDKCBkWKQ4LB//Eae7P9CcBo2kO08TgKHpnvX+Dl96OUi4PDISynzQvec
SYaau7Yhib+PxyUI6mdRQkziTZcMmVu/xLN39XPP6l/koVNbCLmBbJfVP+zWB+GW
oVYoqjGmx5HGTvH2bY8yhYtClT1OhoPQVVvwQm8b/wZKWMEuBdGK+ZoZ9aefjr7K
5oU5oe9X2UJVcjFymldkSIxlQDLIq0r26xgRnQ60L85LfmUvRhXpIUEzCvngR8ar
drhB1oTklGVMjOZ28UJ/TYPlrHOtfpCI6sFP0JakBp41S1TbFaALIqiHLl/haEne
EuLcSLJoDKCBkWKQ4LB//Eae7P9CcBo2kO08TgKHpns40cHXNZqJRyxsoKlaaHep
ZltDldOayCfQEofjPsohA0ziTZcMmVu/xLN39XPP6l/koVNbCLmBbJfVP+zWB+GW
oVYoqjGmx5HGTvH2bY8yhZ+mrepMMQVOcVjGjYQNgGEl5pb5j4cEilAQ3WB2xHF/
TfjrUmGPy5Wa6xLwwYbmGLJdx/647FARWND/qhLYpqfKDd0dTn0ijZUDfUl5l77Y
7RCLr+jc6FLtpVPL7i27uXI31/mKkRdwVj9QrYTTp0Av3X0cRLiFmeay+eu6JwZs
omzZDGqKSrHDesUBrIjF6Q1op0J/2Er5VtliXhKPy8aDBl2ovGUfx76z+pvNl17+
08XYNPLvmGoctWMTCQkjJI8jkPnPwbB6KVQHP3QVMDAgN9bmVn9GCWEsWZvz0yJr
VZZlYlwFJ1+4F4S/EKQ3WdmNb2LnrZ2O9rQ9WvrCHM7EGV2MbYxXA2EDQU+KjAoP
tUJ3eSsiyXTzm5lf51jEJvG9zLTvKjWxw3EBBq6V+X0i7WfP/hIsC8mNlP3LTr1S
xIRHWD4cfO4c1CAqKNKc8LNITzY/XE4u+FbH8HDmUF7+tdi09mBneVP4SGNg7mXH
25JfgPrZXbY6QmATWX5A9qlFFuuqexuX9YZt55kbUULzf9IYyIsaM1HwKq4bO48P
URXXn5IR6DiqfqW/9JFi40Ml5uwl7msugBkS9EvTXEw7eeN98hm3ZO98BV+2gna4
VPsdE7bGT24CfNca5ABGTjeKEmdJTawSubKEUASu9jGD2ULhYRnpoiF4lgGcRyn8
rYBhzt4Ijjk58K77BnpTfVOev+Stg+csAG94JuNjbo03gI0n4+7XRJ1n6qBDCzaA
p9wqBxZqZhkb1rfXt7REZn12HuSAfG+tkNcc5dEjzZ6dUxphnaBsmp43fNkacUG5
3LuT8nRnOoMqO4EfkkzlHbq+4lCCPDUDVxL/jVePbU7sXfJifZqrPlgrjTYs4CLy
ZxfTqVtilALsabpP7KyWP6Ba6WvB1YL5h40zfJM4YQX3BdfFdCAZG3zVPfN1oRJO
VGB6Vd3YOrzdW7KsFoF5BVaggfu9N1L+vU9aOIcHNQDnV90iCQCrRZnPFHPPUkpt
6MdqI0SKexNPRYl0AHMWzluAZe7+03lj1DPt8/Ggv06COZ9ngO1G7tiarNif2zJo
l1wwvIbecxu4F6iM71LK/1EG4mStQkfxMhY9HcaZ4zc/oi0eLar2VeNeTGaoF71g
0PFnz44/CQXzOw82PN88MrHixLDZwPF+xMlrvFZOx3xr9zjYB9IK5+IFIMdmkCTZ
g8f95oFRX8dQGLaDOAPH2cTfO42K0lYs4jaVlquyaqZsRRvjUGzwUtWC/s/dziYO
qoH5DrbUrvfHM/ntSBkN3gQm5cHqma8CzEAXGhhUyruk0yvb9bNPzrQ4ap1wt4WC
qHm3cLyzMFs+RTtpTCDGS7qQkC4qJsluC8MELETI5Ie6PWstd1bet2/HhylSBnYF
aqsf3wttwc9pM5i+1I0h962iXE30kWmIeF5g0c5Q17Ht4jMSD0UE+fTfk/9ZBVwp
KZTxLAilfIlcOXAgQhzLwsBIhkVr4yY2iFgpB96rsIWy6MCcE1+1eHFueu9Aemh5
yS5JINhJlIxBIdrHfF10S12xoPw4mj0CKiudJP6QTWdekY43d262OnAnkxsfF5az
g7uh70/svvWOnn1imNSIAkI8Dp1A8IUXJIBDmLtI1EiPCQiLAZ1zOSJNJlCTvEOB
+vBuhXNM7fdq5FneDIS/m7w/zmQOoYx5BbgXuQNSo6IZ9eTP7es52hZRkzzVQqch
A6fy6iq6OyaIGsrKtwugebnvu0bxfNPR81bBcaxXROioI8i07O1Py/sdUHFoX3No
BJGgQJp2KN9fZha5N3DCbt0qJNnzPPVMT/JaUWly6WL/9KEPBFH4I9MMd/rA2Xq2
LWrFnEtWx+wfoXUpVHEa8KvRVL0goNHYfFhnwGEEqiQ1kMMnv0wGkx1UEbvepsDR
qmHNZ58ANyfe5FRrfH86Xx14z4dCpxL2vb0rrrrNHbT1Lmg/aYPPG7p/v6LA5ZMI
dIYG0MbpO5AoVOMbNIVOSadYZ+CdFKcymjHmfaYw84Ni7l2GL8ykMo4RjntQj5Mk
eyvOYUxsyeKlpukMnl7xbUpwjJ6ZlRwjoiNVoVnNfFA0sAhyEoa5aCgI7ox+H1tk
gWYZnkIHYChBgPMkR+9oWl/WiiLwurv1iMs8ux8Cem/4vJ+7FaMZcDfuICfhhqwi
9YdrhCYlMiKMmU2ZkE+PaMZ3Dd9xKfsfiwQT1qBkNG28Kkca13x7OCoGFEt1QmD9
nmBLq2G1aq/BQtHZ4cayWTmBFQPdY8kmNl0KNPkOPP6cShZal0JbD8HEjyGUr8Hh
wVYLBPBUYtSYvmR2pIU3BfZcTIBv/X+GZuOErbSbbIoiPV9LpvNl7mVaOd07j0cD
fgDIyAzcr19uvGcyeHHZoBk/X3sEPKQ0DaTC0DhCwr3nA8dluXuvaAxEYhhc+nBO
NqIPK9bB85+KmWWB02PvvWpZB0qQX96tHO7/jFji+o1njTIuJhcnGIuD9G4wHkYI
TeHLGbh0fy7ho8iHXxSs0CvKWszl0C1LxagFWk00eA8Cjfdm+auR0NrSuuU4zkaV
l1FxuCdcvUO+kV4ys5JWZ9OHrPRaoTFdsV1qZtZq9F2juVOdqyipizPfjHLNKQrp
+5gxYP3ug7Hiq5k43A8zqVYr2u+qOHGzZmJgbDLEzonBwcBwG7mUTPQqNNbSB1zG
fnd8taigpWLRIDuCFhwECtnVEHcqcGrtaugigckf9TKZAI2iMH4s1CcF0B00YMWD
FulErdFheDVbYKlj3q9lHj9wufPS+8LAdMftnXGTuv5Fyjmi7RfGyr1I+xJeiEdT
Nz1lltcflbpmIfiJKJ6Z05m1Mte/2wUZhjRc1XgyvJ5VZqdBQiVMTiigV+IYXoFW
3yIFHwq/tSDnSs0AW0sMi12DvgaOb12VMlk4mMUkm+mTnrhTiJG+L5HgGqnb4HYP
q74VDUCt8BVDkAs38rSzsiMsI5U2h4Zyy4brfAAXHS3I9rNBfC8pLnr4KJwc2HnX
mvTvfymWyPxD97xW8Vk0uNs1BaDJdhPRFs+3S7hYw0IfT7mCOQ/hKFOp7bwemACU
7gwixu74fkpLqiC1MHakMNBmP5cz9qSPQlI7P5HZieypgwS/TXZozVF59Sdc/Yyu
yXp4nufXtwHrZNdsw8DtxRW92QMxTu1B5WV2/OBNvNJQisZCHOWpXFR9Br+TQn/4
C01m6bOFYkXhEYyUAkWlmTD7l4Iu5sZpUcLkcm2dU0S5HIJQoSKQvxaK+1pgg8Sz
gkdvqGbu6E8/y8av+agexRlwVbMipkR6eoJnpuaCKXAJrwIdVMEYH6GJjxQ3pF5J
mbxZVc48mInIvRwffTT/BZr0738plsj8Q/e8VvFZNLjbNQWgyXYT0RbPt0u4WMNC
H0+5gjkP4ShTqe28HpgAlFLBEu5H1B84yDrD2Kt/p9w9HqGrS0wnnVGLVqiGq37G
QrkYu+6jQjyLfxQvrU8ojzp8czRj1wQAPA/LEw1zY6onj4yMmn6x57yr5qhFeitJ
PeGFDwb4c0p6Kkc/3aBf3NK5HPN+a7YEDYJglrWeqK39iJ0+K9C9n7/itGiZTU80
jrCdWZdnc5p8LwT8/fxH0eZ/NwUxw9O4BssKFZySm8Ygxs3G4iJroN1qjgRVDBAe
O0B3pIH3cZikhyNC3Z93mH5bHi5RyWynqqXYWH5SZMsaf87KpVXNK91Mt3xERjGg
1I+IcvLscnkzu9DcCFJ3iSaZgsHWidrNjUUq0NK3PUPpDMZno1x/+2M+hHqv5Qet
DM+9eObO09904q8vmUCm2r5RmTiM55OZZvBrcUpH5mUHfxt75i8hq09rXQL9nyML
PIVXIHWGuhX6RSiLC7wG6gjZU3v4n+C5BjZCWyztXAtxDuLvAGjKP0ulGrStfkK3
XXSThZDn1eiJD4cBAZEpgvcZZdyNHMWE/ni2OukGLFwoAl3dG4aPcOl0of22F/MG
sf9F/kdN2JLpSFRNlqJfISUBVCQrlUHiWH0fUgHxLSHdfxVDwmy8cwVMsZT+z9lz
gWiKsB3jTMeXBbvpADNZuR9GrGLkhbcG2Jqt6JghaWgzY5GkE6660C0evGCFkQjz
gPJRWAZ9/dMoQOv98CKQnBfNXOqwp9or7uO2NaVhsUB+CDxP/dBCwqDQ64qfAAy3
cOvE7Yr0IVZ2P/TxRC4kB6URZhxegK55gef7E0TTDWUYnSR1YLHg1b4U6QMRkE9t
IzhlqoGTn7SPa6QzgjI4FBFQUCIEWZR8ToMJqF8eAGb8zJHtCl8yydIwz5PlJ3wh
FmufC1bONdh7LkmCjhZU0A==
