U2FsdGVkX19fTms3OENxUvHOjySJGM6WRtosSOi0cfjF5TDzmwTrhXe+K0NbVvMn
CLfFdl32rIX3v97pWWsg4oOZTVMtQTPndYeLJvU+4n2dsD4banbHlqXI60eqrg4D
svbTuxlQT88HiX/YJOYIP3Uv92uXvxSvix7qMbPTkJvdyFQugmx84l7Z8ntVvUg5
uLyz/OIoIXfeKByYCCYrQxctt/8XJebYcEg3L7dsZTYgj9wF6RjcgB8z1IV0HeqZ
qnaM4Tx5Ev3o38wOtygXeMm1SAIaxY0V+tWedsZgS9gCZK0iCDX9cT3xVARAJ6P6
toHC2tIlWmTV4Jr1KqUyxg+6240fmPKq9Viqk394nm720mjNylHGV8FUqix5Akbd
8zcgcPl7RrY08IptYDjFN68XxAIaoB7FLoGAcTNxv1oNcwk1HYcXHGZNPU1AwSaS
ZmH+72yXhjwfnu3g3sgVIbr1/7Zf88kBpzdcTmti764YQrPV8PJUAI2eaU35/8gE
a2wVXkaBLO6uy8+n+Xs/Esoukrg/Cvmdz/OP/YNCPuMKF+jcAnH6kiMBcgJKYgO9
b6K7aJKindfppWMQ+oy7LEviVVhpwMXmSC/viOecmF15jHsc9f9t3rh1t6BpLHH/
IuRLZmI5hz+ySVKQYVJzvYrWBxCi4P6Cx6RfCCsa6kjDArFjqTOsc9YuUEihMFc7
aMYFqCjuDMfLeOedYfj+m7W2/9QuoMfnG16I6Kj5ZbFQe5vcz4mij3Ahu8/J005X
+Do5UazcLRP0RcyFaRvvCfBZqJ8bJ1LHLgLsLNr5lYW0lUlCD012oHLI4hgm/rU4
TiuDM6s8xMvQ8YbGJvQw81dZgof558+8M0V+9RDLgHjsWpokkpKIPBgEpAA6SE+l
bCWMaatHciH7mrMJ0cGueXLOP9S+xLwEivJgQehus/SMfFoLG80YvUgcfwnbnYE+
OoAQzwGEPVrKfHCxidr883pawiTTE39rYDHxpheQAB25uVOXljpKfLKIKWJte/dv
ovI4Wejtkhg5TCRBqWYuguFcfnDdbfWop0y0LjTcNxFRtn0jlQ4eqLqIkLpgpfNu
nexyhCfnQzcuc1M4Y0NcdEfL+IS+J0sb61m2UJjbTw1HO5KL9fZdtRPdru0oETA8
dGoSfnpXzUMzQfBGTCkgRn6LaWyli/pyLTTT7PD1QoBqwS0K/SgL2dP14a9gfzkz
LdqZriAuCZkgaTouLcbUWgUkoasEetlORT6W2FH2ICjkHjVl9/GpY0Rc2027Wt4g
ScavesPuL5FKWnGCJKIAxUmDzKik+baITGOK1F6gDexjr1B3RAS0bu79C0e76Y3V
yLUq8fBXWsYqDaWRP7dJKnKyZdT2hip841tbEm0TkwDBmGSv90f57bjCDngJY5ra
wxGLNnMUcKSXIFN65nprE4hkmOVTirwcv3h2vuQqCqPnqe78LM8ifGV09P4y6oOF
74zGlC1YxqzQzYsDDVMz8stDpcIZ6IkMouILbGQObdkukv8EYsV0y08fAX6EhAHJ
AWra5B3464VFVb+RW59eUZsYSX2nG0ukAnrEzORXUI1F+1E5eS6aYM4faD0C1P0F
iEwsUMvMwmRT2bFtsGyWygytDTMppT5ScG7WFY2r+oh6WsIk0xN/a2Ax8aYXkAAd
ublTl5Y6SnyyiClibXv3b6JUS1X8naAeeWJLS6jFGNg4xCK6rUXSjSG3HgUlzllr
EhHGLxmasyHezGsS3pJbDtftzQyXjq5QwvLbUJoK0hNk89g+W4Xn1kt8gjQ+B6e0
iCwcJJJje1XeyGmdS+ptuvaqYLzkzF26MB5DSf7tRMqcxILAvT3P99TFg1BLvvMi
L4TKHmDTNzKt2Okm4LZqJsQC6qlKHmth/raO3zb2zn3xRUEwYi948xJkRqv6s+qS
DblNSjfhrGk5sTfL0cKsXA3Oe4hpYiXiJP1vUQinmoBrBu4opLgzWgLNTe4PYp1U
W9DctuwUGaqwQf6t7aFpn1ykyphITa0gbuEUH6AgOMDqE+M/EKZfpQMLZZYLRlbz
xg3QlLfuHMivEu+q9F/tD53scoQn50M3LnNTOGNDXHRHy/iEvidLG+tZtlCY208N
RzuSi/X2XbUT3a7tKBEwPO3WOB6scGfA6syDDWM1HcJ+i2lspYv6ci000+zw9UKA
sbV3Jes45/blB84D/0bK57D1C4gHB2Bfu1i+TSsAg2B1VgXH+wyBSgHMWkNbXOj2
S33Q5Tusil3HIrqx2S4IGVPrDkBcdiBQv6cadVCSl7NNQeKFPzbMgkWaH3k9X0Ma
TOJNlwyZW7/Es3f1c8/qX2oTmnKuSn9LewoyhIFYJ/75KoTRAMF29iwpB4X3Ltfe
iL+brlJ43dhfB0z76Cr1LoRCQ7wXqwj3qCd1SqjM28gm/MvJGo6unui0h0DvDyRo
gmht+AzZ5nUGqMCaRQA2HDIFSMJteHcqcDZZhJP7RjAShRjTVL9fAX0XiC5LZ9Ba
zDzdZP/nA9DBEUb64QZNy8PPizQJRkunp3fUXo/DdZNOZBV8IVYM44X5JldTT38d
r7L7YTQhTJpzw4Hv8OLWTjq4Ntuzc1pMG0kI1eRKqAkrBCdDRf5nZWJ4W1oppZ/E
Acy0acDLFiUa9aZNVI6GcRHgYedudTvfqs6lyQrCt/67L6yrYFiawGTrpiNIxSz+
XlW4h3rrLViASq1x6VCM/InA/rSWrik643rp0y6RzKXMNdljgir+Z9XdOjy+DeQN
+XOnAw/Les34G9WXjdVKSgvqkp+lVhvH9M+jWU6N6OyJl+yeWFNpykP9fkaotZuV
J/5kUH2PalFXPWAlvjN6SzFkwABJhoD2BwrnjiEyo4zjwTpU9zVpA3dhuuD+9gOT
92myVfdAjs3t4EfrXaxiXgo/i+u+JcbuMFCjMXddYTOfB/L+/HdFHrDwgTVrIiJt
tl/5aWQrl707TDViP6LyeQfUlcs0yVu2wGgZ2GkvnN7CRxRN1VNdQdVa71NGHESD
ZDnacuvh53599U63RHo1b5dnysy2aWCgEOqnIAZ22Vypbpfg9nYgeNtb6ZMTyXAU
55IAXpGzJV9jkgNCo2Dtxn7+o1VDQtHqhBXQeRoOsWlIK5+GgTyM3vUAV9s3gH1k
RRsXXFtmU38dcSINDfKTtgkWHyPWQJkkHymPT1Nd2+QmEwJq9Dl1sU0leNt8Xm2m
UxEZp4MNLrkbUeGuPvCMi+oI9P8xUjBBcL2pQvBxk2ZM2tjI92y52+VG5b28QDX6
zDzdZP/nA9DBEUb64QZNy+aFOaHvV9lCVXIxcppXZEiMZUAyyKtK9usYEZ0OtC/O
CG7mrFMGmYbkIo7VszZaA29PVSD2MuoIrwqniwOdX9ouXyPUHkHAFAzTC28+zXFR
2AvYFgeJaDg89YzhnyU6qMN0wZ0mbVw95Zkd3RopiHedIKnAyXxjey8ge/n7cI74
RzuSi/X2XbUT3a7tKBEwPDkn5vxfsteQBYZqdc43+pLmZaLa1BIaAuxc30zbVXFy
eWvGspBqDjaQeo/PawJQIeISeMtyBhfF1T5HWfNHU6oS4txIsmgMoIGRYpDgsH/8
ORX67e1/QEe+KoNWEOois8Ydyxal+i8Sb361RTy/3/1qqx/fC23Bz2kzmL7UjSH3
dF5LFBVbCztyv0yORGyG1RcpQ4vkzO/lfe0a+6BsM9gOuUKG8XueBY4Wr1q0njar
vDbFW2wFYAEwOZKE1H4SZJjNhSCdFku4LWuyXt+NgU6VKjUw3eZBwEoYRVCqE5/m
1KqzjCx1XaQFrBA4DbX7g3RKC15HQYAYOsJEVb460Fdqqx/fC23Bz2kzmL7UjSH3
ZZgqOeIdx/pqIl3LHv2RhtjB4I5v9EV2JzWBTa2HkOw3PKyl03MENWu1SMMXbZ8n
kL9zBOZYzX0Gr5lkarwbax5NLJgCXVGDO1fSKeeqUAc4Ccan83vvc5WpRmm9cBVO
xvV1dKers4jZjB+HYpF3b8QC6qlKHmth/raO3zb2zn3xRUEwYi948xJkRqv6s+qS
DblNSjfhrGk5sTfL0cKsXILz6vszBl5GcujIO99fIecNYq5E8eHdUptSU56jXfbZ
BEqYWqlhd9UD5mfhEO3QrRr5DjPxHv8qlVFIp9Qd9UDX5zxbt0+udJvn29Jl8bXl
U53PqD67ZpcmcHIwlWLwqTkX9DqNh13i+hAAZtPfGV6Dkp2yRJ3f0cmuqlv4Ug+0
gsxYrNV3wZ+VGrnYotmJ8tzAMJoaqBBNp9QJMn70GSGT8372wXeQj4gaZP+2olsp
twRBaqB1fJCMaEhU2v+sljoI8fTnt1ZEnZUXL6sWmtuZMz1WYCLhx+4GZa/JTW+N
WO8D5aq5pCX3+z0idWZXldrnKdLJJfXa/Xp6TJLHstyXZ8rMtmlgoBDqpyAGdtlc
qW6X4PZ2IHjbW+mTE8lwFOeSAF6RsyVfY5IDQqNg7caGKVBS+gx4IZ8ASV4xIkYL
Qp09qMCLvVOn5DL+is2bjcjhArykcAe86Ya5F1V042tPCDYr8DbwqZExXvOVOe6M
qcL4nkdhUqbghLCsU5jtfjUyGrYUmicWVH7cIEw3ZHBn8daAvP9ii/5uiEZPOPr6
F52lGmgj3xyLK6u2T7+kl6D0uSd28UT9HR9MU6gJduWLLnuJXwc+hyFbHSt94dd9
fEPTazbXOrmhIINQkAQ3pmXxOtydPT5EMCsZIWDsrEBA9YudSINLncG3jqWwxKIA
cUQi9cUDQ4o46dilxxycf1FUrxHQIsZUO6AF9lrslifADqetlRFVhETb5/9SI3hw
nexyhCfnQzcuc1M4Y0NcdEfL+IS+J0sb61m2UJjbTw1HO5KL9fZdtRPdru0oETA8
DuYscOuIc6kGlJbz4Bc2WYO7pKBJrhe7uCTrP0tN3EHr0OoSIbWQyRvKl0Iy4KVS
S8Q4mdy9TtXKlASN/Q5SdUi9BwBYTynb0hFGhm2Rgh3qxKpd1xjOuuiOvA8Z83QI
U+sOQFx2IFC/pxp1UJKXs01B4oU/NsyCRZofeT1fQxpM4k2XDJlbv8Szd/Vzz+pf
o9QfO3kZ6yCxIXZSSSNBTdiNWzYxx7fMr7rn6Z7uVbajl23FPY8qvt7/bOp2E5jx
hEJDvBerCPeoJ3VKqMzbyAAjaZpHoaGyhGVK0DLvDXhjftpwQKexZUxMPa8VRWiJ
ELKjimwC53DxHshONDGxpSRBnxFomtdm2kRmlwMGeFA2Ehf8o8Ws5zp2bFGy1acs
tcxUfbu6+8QarHDJOfN29lk2K6KlFEqcPqct/MGc/oftEuhVul766XFAmN7gvd/N
/oehUPhDaJegSPBbOHWoD/2h8j/9iEtZCr/0HWEYig+pBIsGHPcTPMedXqTHTTUS
tnS4FtT0ZLgOCmPWHdLg+WuTcc4sbu2xJGJqg212znF6yjiBdPg7LSFNM+V28vA4
rjKJ0bzd4L6iJyWPANNEdlvHLQGqbvxtdyntWl6MC9sF0TdA2meYPEUaXOvmhOTn
a4+3L36eRgA4515ga92Y9A7WWBKU3hKd4dhSpPd2cEReWF6FoffwZ676JaP4v2Qu
nQ/6ABnW841NrUzMt7Ujm6DAEgwzIPb725GFpJFXiz5T55z7WCpIo1tCALNBrojN
3toFpsne22CcukuAE1x1Q62Z63O3lun3TVNqBX/LH5D5zaGBBY7gFzRE8Pl/xK5p
EjwFOHT1RnzIukY0EU5BcWUFf7yKsPpxwBQtk3xDNxKHtzGLt6XIh6eUVmuvnt9n
FNGunZypqdN1T2Swp/CJ4RGCM+mdFTALj/6ioUO1KXTsuamBtQa581oVYPu71u6q
20MgBCQWF1ryD9kxq/ejLRzU0Vh2TS5xKe/JB7Yz4MHWwqep8k65Uj4c0WqKDGhH
rCXWCeeCUgBkD6fHqoUQRTpYHnxQMYbt2iZCvB67kTUKiCK/0tmlfsmKdnDOIPEi
EpYzNTlOcqrhXIArZP782KKanuvlfxiNbrZd0jcJMBMaIDv8gecjYJ1ortz0tMY9
xncN33Ep+x+LBBPWoGQ0bQqASRy6+cVDtzLBJke6cZka8BC/4z6XNIAuXmPGh7Fx
OgFSkBiCtsVPv50cvAKd9bT51JMG/RVkTPiXftfK1nU+sxH4Qo2fekxoKJjA8UPJ
HbetCLscn7DQAK3TT2dpf/XK4C33kx5N9WhfsrXjZxXR2iV97edZGpGUtpmCBU26
Sp17nEEBBikuLCTX/WDYPhGF+iAswV/2UNS2tW79vXVHKqRaun6qcr68K62o14ac
uOCiErtSnDUgdU4som8/cLD6sMHpvsu3UaYQXZ0JUdcRhIuc9rG9vcGnLJsckFAL
/aHyP/2IS1kKv/QdYRiKD5dfVRFStzkqreKUr2wypHrYQHWCSs4J0SYI8QGsrmK2
dII7VqQxMAh5LKPz9qhB13mCiskVZV6jP9RliHQNoO99GfXeZWZS/vCfMc9LJT36
sDpercWmi9nI14tS9sBHfCSgsY5HvOiI6QRuA8h3vkbzpWlCFpn5+XrCpm7eSFDx
ThBwf1tbILuO6+8aGxJAxlJKfB0NwJeqYWUDvBEQGAJtV3F5KD16WthzkBGFAKD1
NACwxX18wm110KcGo3dYtnY95hE1+pm3TQuriLQpqBLFsmNaJZnvJHJBaGBBFahi
3toFpsne22CcukuAE1x1Q6bic3wXD0WZZuSnrNAfDtlRHmzOVQzq+O3JDmTi0pGh
N4CNJ+Pu10SdZ+qgQws2gDyNFS4Iben9hE+dhK/t0MBdI2gSBJYxdI0mQsZ5Jq9d
qYBae1PkvH6IaIorhYeZWUr+/+BFxHyCVlXh31YFPaKz2PVEPTzw9BS8mhR/vLTw
20Bq8lMpL06lKvikkNPAfU3461Jhj8uVmusS8MGG5hiyXcf+uOxQEVjQ/6oS2Kan
8F36FOUn25h29yyNbk+THqwTRKfOZZH7ljLSzU+I99+AEZi5ZspFE2xmD3DLA1py
pLb6kCM0MOrsUa94o1ojFi/dfRxEuIWZ5rL567onBmyibNkMaopKscN6xQGsiMXp
l5kUdHw7RvOX9XnXoxxC7xTTH2kQesCRQn66mf5ZVy5ZogRmaO8419eeiJ71dzo3
ChzUs0vR218WXOAcdEAHJluTb4k0R7dW0S6IXoetJd8eAWTqbTBED0TLA7QU47Ez
TIZQvY7AoIQiti2nq55MDkpF1woLLZOV8z8UxFNky+e0hoy5BpUnts3ZA5o4nSgS
t3Nab42l4tros1UWWOpoinNrdNyHhDaJHJE0F5k8Q4a70aEsngYYDzgOr4LLHrwk
7qnVAKJq1fJPYp0oQH6tBDEeHZOUvzZLdHrHS+l7bV4lRAINMOB05srLyYvtkVBC
wR1RkgIaf/Mv6g2Rpgb0UrIJOPhYS3vHXlsvXTyfe7hvy7UxaRwE03o8n57EOyci
diO9BZnG9mLBlZ65i7f8fJx1jDJjCznbIOpCuww1XbW9xj3q/4HdeC6huIJDo/TS
bVp085JId1nAuYs6v5iEEzcJVuV5vx+xIfCQn5Fw0K9ATVTS0zsHOvxWFPVWN7s8
XbGg/DiaPQIqK50k/pBNZ1Jh+wbOuzDQwp0WZSzURwA9hyy6eN0R/z2xOiRz1Ett
duzDygLmI6pV5vEKK3m15cCINCV+qdon71y+Nv0rH45x4317J6lu+/j7NOf6acvK
iYT79+38OvGk5XMPYXlUgWWlE1kbJXurf/Y5dkQccYpisZ87at/nO7PY8hRMmLnt
ZGVaJOgnSZHzyW/L6aX1vs+GbVXW4hLbBwHNTgMPdVp0JixlVHEeRz2iAo+PiB7p
ZnczmwzpKaxxMO2InBgpGKg4nXVgfyDyGiKWvp1OgemykJERlpMogFeiEuc6e3Mu
LNMijJtMqidB4wY9huhJl9D7ACl4S7m2COkPJk5Er/Oio5hZ7dWCBZRJ0BHafMUK
i/DJpVTBEQzepWKnDUULPQtOAXIFG0dPfev+oUF8fMDcjM2HMpnlqc/4L5pIEp+Z
fGdR+Kb2qvJmk1ri/hnBwndRj5rK75HZWXUbfLhMjnxShM6DOslfyvX3hDLzq55m
S33Q5Tusil3HIrqx2S4IGf/006MLlHHaVX51Dko5KW/Th6z0WqExXbFdambWavRd
CfI3fuY/cbLCCZ11YRvankS2B6RPyDXYDeOco+o6dVxdoQt5xuOKHjZHGD67OwwU
HLH3eSpoTMRqBQfa6xCEHxrdcpj+gh2/+BYkdsjy7KUiPV9LpvNl7mVaOd07j0cD
ykH2lgVfqm0kL3axqPRpGQhiYa90J5lM8OkDdUgIxrPzAEOM2Bee6QMdKGm4wRLW
tDWGuLYbdwIMAbuRDJjjJK8nDsVigIyYL+M8sLMF0veDsGwA7svjHw5AB7BFKERt
+BSAHDuXJURYlAKyLrIc6mZ3M5sM6SmscTDtiJwYKRhtCyPc2AeyJ9lI6uSDNu2u
IJeGMXy6ORFzKDoibuGfOh9GTzSKwwegfNNl+CtQr6yY9o+mJwx2vfu+8AYHeczo
bHFXJ/2LHGkWb6CG7G0HXIKL3Kg0MOaeA3SGj8khGll//6bqyp9mZrkiZfuZRTWH
mCkk3mGY0cA5K2M3luGgQZboTpqu4K6jM04ZAj/idv/oH1DMTtlxJaOUzjbjOm1s
NbnEjbRSARzECbi3gTQ8cDcJVuV5vx+xIfCQn5Fw0K/xGI4V06KGaa3IFkbb8TP9
lEmo7xm/Ah+DvEUPFsj9oRkWFqjVhJV9jWtTFYop2XE+gk+KzxtJ7gf4Olb0OOij
b7tgAUK1rKbxojyPsMxE2d8TjIzTzWMdYD3Kzlt0INNfZYSqb1ZZja2+q71Rkf+h
RKCvNPpfa5MlNqKmI0zLUKWiLHKWCsT9gWUBe1sSXYmVVNiJLTLUGyP09TjbM5Jh
HPtbYd61O4FvVefC603Ff8GHAuF/QevzEbpB7RoIkJsfmWw7xdrOButwVNgoSxiw
H0asYuSFtwbYmq3omCFpaDTtHgMDxM8D5zuCApftK0wIWWQ+0rNBj8nWFhNTebbi
CXwZsFatkJxY0EJikWViiXW0N1c6W0cmFr+KVUjT4a/FLSObBXBnkqm6vPt41InN
F94GNYeIkrSuc99D/JtZ8o34M6YUWEVKWiCTkKlQ3v7AvbZlTO99Qm4WNbqxFcNb
GVZ+DXw18vqCZBJm5ccl09QSzDvZUvNZJoP7ZkY7UDufgQ5iwrmO5BHkRq9Hl8KR
qpp3QDeBmeg/2xho1BEhMIQQnOpUvAZYYOKA3YUuEXZWev6qlcLjlIzba+pT6ISE
ds5PlVr+sSf6IiD4JT6S/NYNT2bAI3HRzJ+JLOThGlM/2GtVr/7q6x73S/vd4VQ8
M3X8Dt0vhx2eFqyfuR5RwaHuZaNX2i/fegd6ZORXsJ4lx0zRBZsX538bdr3URH5J
w5SdyQxNTYufe9aP6PWYqucdwvAWO+vKkHV33rM5j2V8PHu+57qCaBmnJ8AiPa3n
tRr5+eAfH58KcTZFKa+ZnYG15VGrh7+4Dj3ufx+tX0n504apXR+uBit53i4yqLru
Fw5iscZzyZUn1pm6kxC7rChNHgtHGf0zC5jHW6nrLU5VXGK2LchnhAWyBAJ/ZjP1
vZ77xwis7B6dyspxVgIssXmy/Fh6+PtPmh4mbS76px7xJBF6ujySjuJu5ZhmCSsd
NTIathSaJxZUftwgTDdkcPQzQMFilenfF9jwAS4vezKGwS8zsrsdYnNjV2DYbw3M
exDQYx8cXlQShiq92nDrpKLPSd6swJPnLPe5DTsvvFvSFGeQtB2fhsg15henWpQz
E7sWMqKr7TjNZaJCPl+yZTKerh1neZueBl9+Go88go0tpNd9vc2oKLTpBJm/X8ao
A7YmigQ1MxOcaBiGmfL8HMjhArykcAe86Ya5F1V042vFUOB8jnXLyZ4TlpaABXqt
Clvy8xMJQvkPXKpDeZdMuQF/W7ob2PdsoIREdmIOkA9249T1KghTucKs2MIHTFsa
EyxmZR/x5LJ0jDPwWiYJ+LjGS++1SB8tVlxePbzRuP+jCytWZooSy4DaB2+N9/4E
C6nZQgH96ebPtMt95kcyTbcClC5MfRDPiZTk51T4TSs8S/gOjcfW0TvQ7F8tjHR3
LAgW8mfVg/Ffo4c7KRrfcQeVOQTbcbSLzKzQQXuE79ryDkOnL4/2G0sabx0JYhJ+
bz+4K6My4apVMeKlnBR5WaUFxPb3ozqSAtb/AF8iorz3OdqAT4r3YHMdkL1BeJOw
ZUK+YpzXHXtZqI9Kz8CoBO1C90dX8/6xIu7FYgPeg2vG9XV0p6uziNmMH4dikXdv
48E6VPc1aQN3Ybrg/vYDk1ooDRVLz7R5yjfYbvL26p1VZqdBQiVMTiigV+IYXoFW
zVZJR5JS1cnD68hkoQ+m0rMpIf3zqo25ec37lwBpQO+voQhfnQuS5ObfJ2tTJ31x
ArwV+xrfSUWh0D3/ODENpM0EkEspVjaCNPOrBvC4gHX0hZvsDU50rxOL+puGkGAM
U5DHH/eUiLQBLfESI0yjCzfQcMMXG32HzOYfii5Lyo6Oy4ZJYvfIZ6LntjX7JAXj
OLfv4OFiHPW0aCddQuO3Zn3QrwcU7YB9Tlq6+qnRXntmdzObDOkprHEw7YicGCkY
x+EtoDRKgUTYgjcRKehM7+eIsWxP1xpxVBsB5JYUWaVdsaD8OJo9AiornST+kE1n
rvvfMOPLhovumEgsFG1vYK+66PnkEQFtsR2l7SFbskcOGDXVrrJMbi8ldM/s3qHO
MMqeGayBmVsJIObTZjI+HTvcXa/ugZaTklxpfQzcOzvmZaLa1BIaAuxc30zbVXFy
eWvGspBqDjaQeo/PawJQITcJVuV5vx+xIfCQn5Fw0K9ATVTS0zsHOvxWFPVWN7s8
XbGg/DiaPQIqK50k/pBNZ5kLr93tNzGF2kogtF64Tygc6tKr77ItRtV2d5ET3mox
pf0d32vA5DPSpPLvyMkfNEIOmPjZ6N3jKG5rIPjp31N5vseKHBvD3LmuMZo/wdgV
7K1H9VPWrmXlBytv7dGfAa7BSaVki0qI7eLAyNyZUckNye4zq4P3sdP6ENUNEXEo
WPblDiiwF8qiYqW196Q+aSN+kaxb0Yf4Ap3euKkzQGys7wZxlF28V3WnucCpsBHD
ELAlUb51qaRd/Infp/WZdauMb/Yr+FmZisQiMYt2KIdGeRY9lt3LFezKUqvPQuVd
FEBcoyFKQeeMJ4syvdoEPgL5Usm5DBMMm+VfUY21Lm+ryI1Y0HS1pciBbImkm1wQ
kunxKjTH1KWUyuGYc2oFazeKEmdJTawSubKEUASu9jHFNwXHK1AIwErOBWB/HlP1
hFrAww4v7q6d1VABm9vfV/zTpS4TcmFM29HoMsuJg2GiVEtV/J2gHnliS0uoxRjY
GwXaPzRe1kt7Gv1RJ0gvuKGXWiaiCY2jxpgx0twogwbTPzINYc5fyMvrdwkmfqSj
xKHSEsxCpXbiTyXfuwR4MWfxQNY9VvO2oTPBnhi+Q6jllmdPazdFgm1cw3VrLzI5
qRipN8gtvsxGv1BS06vIicBd1/8zZ9dp0rp/g7V2lxb6bLr88B2GYHsTCYwSTblG
NLJvZTz+uZBrYoCOp2IBH0pF1woLLZOV8z8UxFNky+fAXdf/M2fXadK6f4O1dpcW
+my6/PAdhmB7EwmMEk25RnS20RLvzK57zNN6vUQrc0ypG2xZi9nMXiiwntob9eQ4
lcuxYlR9TTn6EEscR04gP/KAMTHg9O3+O20r3nT2hc+VJSt8xZZlgQbByS/l6Hve
z4ZtVdbiEtsHAc1OAw91WlZ8r+NXQ/vZSjrRVy9r8IEfaQoWXMMry6NunQkkKBDA
iGSY5VOKvBy/eHa+5CoKo+ep7vwszyJ8ZXT0/jLqg4XvjMaULVjGrNDNiwMNUzPy
uZ3CaQGNsEmlsbB6hMGdANYE45kkeBKlsAni+YrgJ2KivjgluMrsoSnCfOMI1Piz
ODWTYbiMtOhNqkOxKVixasQC6qlKHmth/raO3zb2zn3TFWF6mJzGByr25CpkUc6U
A4UQ6q7WFQHOGbvimE1WrqP35FdI0mmW3ovsyknjj/DqCPT/MVIwQXC9qULwcZNm
f5rPliJ1UqzNKjAXCexMmtlNzwAFPglH6A2geQwRszC24NxtHZWHqP+lY61A4RxB
qpEyTTcJKmpuMR8gWQGRbJo1qEXqtERTNiud0PC/Hlf4yvsTeERLHD0pyPHZoYDp
5GW8KzQio6gaKF9UnCn9Vu83CmEb424s0+P2y7rOcr/YX6Nurdm6CNv+Tlc/WzpS
IK/Al3pmOkkno7aQV60JGfgRk6jgBL3IZv0bPS/TZ8rtuwGL02FJW3kiePwsT99V
Udxq88YdnWptGce+JnA4e13cGE+RvUD8Ghz6Jy1Oi35bthzLOJsvvFYGRekdU4F+
B5D52NHJukmJx8YvoCZBdiExKNzMacfUdlbNjY7ZNpxYZOfViPyR75fgcXthnE9L
ZDnacuvh53599U63RHo1b5dnysy2aWCgEOqnIAZ22VxIVI1rLDbuoLESMdgrzCcq
pLj4oXlORDntABbLnJZkwMPfbQatdV00wQu4c3MdmKed7HKEJ+dDNy5zUzhjQ1x0
I/yYUMh4611bLntvzkHWkRk0whskEwjkY3saKXPBDfPtnQmuLPSPuAqvYtUDkbTO
nexyhCfnQzcuc1M4Y0NcdCP8mFDIeOtdWy57b85B1pFAbOkL5A2ZDS3k4cIeT0ED
X8GoDvGA8q+NmkuSXhfv4OoI9P8xUjBBcL2pQvBxk2aSDZKp8c37MuglOGj5s1/T
2F1qbR7BhiUVVbsgrfmVI75PI0ZhLVjKVP8WYYoTmWNT6w5AXHYgUL+nGnVQkpez
G5CtaICg/6WcSSXogbLR1aC/tsSuBEg+j43xU1rS6f9F+1E5eS6aYM4faD0C1P0F
KhkIrM4dyPhhc4EvhrPYCxnzQfXjrcbfEV4DB1DEH5I9dOTvk+20IFa3PYSVP3Gj
xBmqWFI7fPEnY5x9nD/vK3PYUNlG1azsj54OPkofB1CiVEtV/J2gHnliS0uoxRjY
vNDDnNIxVkWfzM81amUGX7hR/3GU239qPYvYtF3dOybR8G6A6zg02e+sQ/Mt7bnr
wF3X/zNn12nSun+DtXaXFtJfg/LtXcwhUmQdoaxsNjtZ0fXrXNcGEdSq1N1Uu2lY
p5nKpGxpIrtZtgp5ibZGRY0XwkZE7u93/EqK/v0a5Uz9Lj8i+kkyMG1lNACWzvMO
yrsw0e4Fy8wreVlROQnxeV7gYYVI3C+ZNy0iZlMz/oxy9v/INmNkzhUQCxAKgQtD
0qrLzI+XctDDetGDCO/sdGmbbdjECfdzn3sPGaLYhgbEcrNQ42ZGTMacqB91KIYm
xncN33Ep+x+LBBPWoGQ0bftkQwYau62P6K2Wq/qX2Rn64DAwb6O/dThXrEVSPSZ6
2smhOBLejUxJExQGpMYYIiOEYKkenw6rYbBag1Sl1RBpB9GXmvJ3Y+POg30r941T
cuHRCUmqH6LL+Yqg7NMV42OoSJUA0Z1A56S0l4NLIPrlqIXyiX/S2q975mlAccOJ
faSH3ALGjmFWu31dwpYthf4DjYYrNj66ZRtB7dwMjKwJKqoBbXZZvcf8YSZ1zPc0
BcPUR1+OKVJghiYRKDzLa1naSCFsWyS649X4GhaeZY5dBR/PZXJNVM2RPYkrsI++
p8B99AMv1KtzY0BmUiiO2g/pzr7UhJozxbAirtp2MWgaZ9ZNmidaBmSfkYA5yGF6
oyzYvMuVEpB2X2QBBWq/Me8OSYr6R4GRf+aiXjJ+WGFmmO6ozr9YTqRMKlrxbZHq
AvWrQd4pSIG/SKHmeo2/w4eJWh4jVQPq3oDhVCwV725dIYzLd5z+tAN3kf6bHwqG
rMZFeKaraQtKfw8m6TGWo6BKcJfgDdbrZDhQt2i094M8W4Nu6KYY3Nz7Yet5nvLk
MrfiBRH5SQnrkNjAzPIFld3iZATL3AMlSGKqHowRtr0DTughOvABby36Eddpucje
7CfMy9YWP4vCeFIQBbqH2reNGjPUB1GTHMUD89dQ9pPfd9c9MK3ugEhYbvy2uEoi
nYQdz+c5AeoaR7vKOvfNcLSqYkZJ9vbevKf0uaDtsMYxglLt2KqCgvRflQMRfZV/
ZtMrS26Fw0/JcuXVe75AS2Lw7CGZMIAey4kj79PTGYfW4a3UjzhDf4ChuoLpJBQn
yHgs80sBQoPJW+5+uZZ+KoqnE132/eqo3tsqzonXCfBXlkRMPOtIr2bVJ9Wtp8nZ
SMQxmrrGHX5/fugyuzoYpaLt0LybvwHbIKlCebQK4vY6xoGjAX5a98blZlb8+iEP
Dg6i9oapq67KTF1IRXwd24C8V9J+G1E00up8f4TAKlHq0qhEy8te2c90A8ZKI+1Z
OLfv4OFiHPW0aCddQuO3ZvyytQPNNEFqzHPk0KhgoevSHOGyO8ruulcnlpui1SxU
Vp2Urnrt85YzXP1pLwO7JwkqqgFtdlm9x/xhJnXM9zQFw9RHX44pUmCGJhEoPMtr
8kTKZr0tQYGIgohNonDFsGh4NXRH5HZ1I59vzmkln+bFoI+vs2k0bjjd/Hj/VT4W
xuSx1eMotvzaFuEzAyepoApuEp3YMRmyNADKx5G6NNkl1R7Aa3fSrXF597/mbC0Y
HdGL0BEW+KaNfbSJxYtGmZLce0ArPZ8nhkGO5KCKfnsvk5zkvgquv+o/HDjgL/wg
QlhP+jbDVxfPzrBW1qs4tKEK4xLFDC8L0PgNlsYBFceeqmstD9D3LxAUuUWoH1UQ
WbAbJpTzNgIOrYpJYbqt/p9H2T0/oOon+omtagXAdF/XyyI825PQuC6BJ+S5bCYY
NEGB85KHlj9umFhNmneLnJUA9o/QFnpOumBaSbmf2ZZ0Vvv1BSwL/oyPe+UXStP6
nT/ofACkPOAkxnmkTyJSf1jvA+WquaQl9/s9InVmV5Xa5ynSySX12v16ekySx7Lc
jMxgf3TH17V8WRh4BtEpOwnx3YblLj6J8nQe21cbEUk7JmEwCjH3qZ54xKQm17Pj
a/L+lt6QO3zIcX4HvPHcUQ/4APNw9Lp/vqnJAvSHVecEfSNiSAahZTgni4eRDgAZ
d0dDgEBz8CA70Q704yH9Xj222IkhyaN9RA6k9CeREv3tQvdHV/P+sSLuxWID3oNr
xvV1dKers4jZjB+HYpF3bwWVRG5s6WlVUT3IfwNJXKX0VGAACZGRC+jXXm0aQJ+2
uO3p/2426grzgJFtQ5zW1KhGgmvkVyBPxbPku/MKLi56+AL5gNTA/rIenpnc9rsi
X8GoDvGA8q+NmkuSXhfv4HlXHQWSqEVpRfIynp/OMzLDLHHNOfpJxstDcDz8KUrK
yvBb/LucUYM88UQkJEroqqsdkovU0OMOPaNDyDtTLNohj0dEd9YjzN4smHG7e1i9
uMwf55q8Z/gwQzdWWO4p5FXJg138zsGe8eWk99qWmEvnvy5ra3ZNlzIGaFZk7426
haKzG8Q8yIyhdRhk9+U42+wnzMvWFj+LwnhSEAW6h9opAbTgk5YFGmsKR3u6MYEJ
PzcFlWQNLPP0PJl9miAdgSK8bmdro4pvqdYDfcBlcJ4gyLs3h/jQRujIDoDC3Zg/
BzXmcjR/Ur2f3kbl5HGa6zp5P9ExvkB4Icbw921FGilBRN0uBUiP8udmohtn+jpS
s7FtKR3AWlTKzKuE+vk3h8q3llZOuIz9WNEIcBeCDiPhSMJEp4yYcIcjF7F2ssCU
bANimmNIhUglarYIImRrZgPIVe3UIGEm3JnNVODGchtes8f6xziYNUAeyiCCAauL
mDAKOjWlmpa/1ZVuSmN72GHLKRE7r17WRF6GVGBpUUArFvcaCjxs7WrTdk29nGdb
mQCNojB+LNQnBdAdNGDFg9/sMMkpeVVcE7BYXjS1HTlmpv3fx7W34zs2Mv4v17so
eBek4k5uTYPVCXRE1j3ZGXA26grtxnxbrAn3nOitrbLS0GLK4VCnh4YzIzuydhda
8JmRZB2sietomLTzIYqIlRpYsUftInfA/fkbQQnOi54x9rHiqM+PSjp0G6MTbJ1t
Kgc/XgCvRKRfSlHqYT5aKENvF+p/bh5HxSJqlOwj+NAgr8CXemY6SSejtpBXrQkZ
+BGTqOAEvchm/Rs9L9Nnyu27AYvTYUlbeSJ4/CxP31U7WwCfTC9NlaHafo3uNvyk
nmEtYJFXLeHg/SG8bz6m149UmgmAs/YcR24w/Moe2oM0Byv82GiZdfEVs/yWewTp
EuLcSLJoDKCBkWKQ4LB//DH2seKoz49KOnQboxNsnW0qBz9eAK9EpF9KUephPloo
Q28X6n9uHkfFImqU7CP40CCvwJd6ZjpJJ6O2kFetCRn4EZOo4AS9yGb9Gz0v02fK
7bsBi9NhSVt5Inj8LE/fVTtbAJ9ML02Vodp+je42/KSeYS1gkVct4eD9IbxvPqbX
j1SaCYCz9hxHbjD8yh7ag8yeZuqKqragHT1rmO8BSyFS5dr4E59ryufjOfU9utv5
ebVbGMQp5J1ZrEZssVC9N4oanvf0/QFTymjZUr5Z+K2Tr+9fcM8PJ/+TcUvOxc0N
0HAW/Jf9ulhm+uQVd9uprjK1LvLTC4WJ88s8UtmmVtsg76z3oX0Fo2c2umNjxnT+
m4G/o+lSX2j4oAcL7LIGTS68b/Zb8JIs7EkluhplKMjEH+tyF5YCBYJqaNg39mzh
CQ6WGy71c4KtgBl8J4iMnSGo2+PAwxfQKX14LIVhDMlKb83tgmIeLdNZ3ah9+3+J
l+u1U25C8n9EeJ6YbElFMLzzEcRYaFUhlei5P0CwjwLKfqN9i9lfMIm+ZP9Qn2Io
N4W3bSylf+m0swHZXRhHt9inOqd/Jy8BRZ/v+RND7Y8O1NX1o6Q2XYWZ4gKbgxJE
vAa6EDww30PH4xW5vOqrkAa8t5nPsaxaqxD21ke72h0tPIzEGqH7Zd6Fpl13SUup
2bqaa5C7e60stJxhF8/GFYFYEjBgZ6Pk2UoTtlNn03WiRWL3Wj2mcile/Xe0RjDE
T9IHEKwjrJ70pTo/NvtttKGXWiaiCY2jxpgx0twogwYllB9Oz0P0cue0usBsIC3d
llnFuVD/0hKAqDKjQy7qssJHFE3VU11B1VrvU0YcRIMcZwFbEnyUDnbIpHYcFo2z
KKqyNZmqPOOIkNhybCNCM+ItNEXwpiPD+BzryJJYpng3L0IzWFD0oZjB0qypmLcR
znPrtK9gr4Z0TPqQMYl5q5z9tq+QG6bjH498ORijjFklXF7FSOkuX/KydRMHsooJ
tDxlnpUS+aYTR8SvRItJ0TXa+4e99w5VtFy4hLQIk1/CW3iQrbvgxzp1q6iNyk8D
TsCbs2AX2QyZtjVgLvgz9/pkJcly4A6rWz/C3Jh1rO1b0R9DKq58Q0BD61Swzah/
1bqIcWYYXjUj0GXIqTFSMlbcaIstg763eRpvCUmXqZJc5SljBB3UewG+rR1rWybQ
rpF8sLdyePaVIbSHD0+6phsQPwhI9y2wTSfWDSU0Jq3GZppXduk3gKzV0RnOZvM0
pLj4oXlORDntABbLnJZkwOvGU42JH4AnR/2rJD47Ogb+UPKBjDdSV9/I5RyooRUW
USx9dIQy3Yn4z7CjAK61dXGSPN+Yp8mnhgYPI/icM/FqopzFTbfBXycZmBvCvDnz
bxNgI2GtBYzS/jN6KXJ09oZwzcVczsoF6wvZFSKodwLDcJ9+NF8rGRDDCIcC7Vgr
Je25HHm++qfVA8Dn0BD78d1WcR1ip7wU3ROuqEWZCO2dOApo51lwI5aYRsqF03KA
aBXI3UhGJPC/FMoCkZUTvBLi3EiyaAyggZFikOCwf/wV145G7JwP0Fo3JCCT6MMx
oh8XTXbjHPUND4BcuDpMw4VN2v24u3dSicnauxRqOZS2yhT8/7N2pbsaHqhFvOG4
aN5VNEumAcAhSyf7Yd26T/3t3I9pdd6V8OkAyxRxy5g560+BB3f8TcLxmNzigcs7
BWjg1LgNuvbevBHmehuv+31SeGjgwSfXAKIbWZsXwNIx2qXDiMqRR/qYdE4InVUh
ZdnvCfRwVijPkzMb/Zr/fe/TEpGcaMeH7DKbumZN5Zud5j7fnpHDM8d6OWNNXy4C
s20eHIVUCHFI7XeE1bEtiiO5nTwFoOTXEuaZo9rrqgWTKQHPql+z6suyqq8r9047
DexXZU1zc4gsIV9ne66mfLDF+HyDwysb8rjQC77jJxq2MTab69e22V3amuQtSYF8
UEAgge4kSbUXYfVYNPU65RQ36UBh+mqEhn/SQ9RLIROijAHj9qaWNZCarXJQHd87
CSKowHLX73l7FZOKBdNJvZLOD5G6eI9ab4In/aLiKmomJKgw9vNfqbFObIcDuTKj
Nuqm1DWY8kIwOVCUR+Bjc9ulQJsbX4IK8RukXT34z3NaQ0DxlO9b7sAdra72ITsI
PcS4mWtfAZ95QbOR8Cgtww/41LqEUbkeoS1lN7R/1gvguWXRTwXWdYoYO+aZ8O6h
EuUSBv4tFTGNqW+A/3LgapYYNaSpJFF7stuCLxr7GFQM53M94AJet+M/ek6dU15/
mPxXYP9t4V32tTecDHj+iHfNWbOCfEaxx2KNBkavXwRZxDusEylbfEOhDxCdUkJz
sGzCh80Kgys8jucIU/NB5PBZqJ8bJ1LHLgLsLNr5lYUHQxBkPO1kkoF9Xic30d1Y
IvPfcHv/8RVSsGvUoc0Awn4JH3DyKa0knaC/jSX3GEBv9ByJyKHeirkoT78PYc/W
aJ9VO4zPllhsHt4norPzb4VjmY1XXWO+T3RhaaHjLmPxGG1WwxW+Z6YU42HBjy3H
5pp9uTZB32Jau3uDk1SvwJZm1unHF+Wk6b+4KQn7lzg4UgGJ4edcA3S2xxA2go5U
1JfPbYmgkCnCV0qct2K2sptkMXAQ8JKukLnwOxaHvRz6CWLIQj8JbhJ0yUOpsa7V
NV2ok5d3bmbrv6K1mvTDnbVvJHAl75NYgKE9xXXclsJ82mCTAS2cUuRtr8JBz2bN
i0V9gJHtygHgmbMlutxabHVOeCneQRc4q97G1TTn8lWw8aJJpvRslR9Kb3Tp+L8Y
X1VD7Nem4lIbDo+hCTrygdwv43+gr2GDRAZLYG64rlxIK5+GgTyM3vUAV9s3gH1k
6C7KoPTXztN+8FYcIAtWfTfmVbXy4froe73uN0uf2sDQYDjnIpGuGEQUs9xSx5g3
xuX4RUn+vqErVFF/cSDM+tkCo7BzMBk7nJI55oGPcs81mtnv+RdvviUNk2beVtZ4
O5rZJzBTgkqRlleAviOkEHfhtoor5shgP6fb+g2QLbJZCU/kSKebp/yxwMzYKyD0
5dajJR0PF+bb9FxaX4JhuLnEqQ0oeekyFCR0ReYXVOvbY4DSVY9xuZKwAVH6VMx1
MSrQEnasn3JdWDxvb6zczIHpTWWAvw4Gluvc/n0+/HqJPQw/Tzi6nZQzOE28VJaU
OHDHeHD3Nm4c/cQs6jZuqdFtyEezDxFzprfSxmocSRGn6DHJ6FJqlqnhSU3A1hRX
tSJ02mYD5rzI9P0CVq0ancD2VOaO2/e1Ubp7tyJ2nReseQY66zZiUi/MvagkLKv2
i9rdxEgByADpHObXMI8NFz0er8uTCR54LFqruNki7o4zJK6zDaTJ+rbhGl5PSmcf
PdeBI8a+vaJyjXOvyHJHVHgXpOJObk2D1Ql0RNY92RlHTfrdoLU0NeUlgTteG/FX
Kfs+FnLL1YHiY863+iKsEFPMVR1d3kbXKtwlZGf3fhGh7mWjV9ov33oHemTkV7Ce
zLNx9E6xdaMGBAG4FJqZntMoNpGDbqWghw1MMtTQp53n4dZi/gmAdnwtWYjXEliD
Xb0mtbHk4ytrFf/mXzJQZLyCfvTaLn4qTHSI8bp5sDBb0jEqaLSUy1tMlvPdq33y
AJgJQFdvulJY0ZKhqNxHVe13qsp9wDPkgz4b25wYxVOmPYYW0gaXX6k83bTZGC+W
E0PbEk8NjiSp94ALsTgGe0fF4YjP8kGRecik8nyaYYPr9wY06ej5LKGBmdVUr8WW
oSVw6lPN9jT0LXHTV8Npa1PDSmyqkKMrp6DARI+T6xEx6om8nVTXtTGKguh9h/bx
O+FIPjfCpDDRL/v1uraMO/yaB2ToGRoIkAXsqtNpXMOt3hFFJS1p7h1j2Z6zr+bD
Hx27tut+egSFCjM+UBUSMP2tjZ9EGBDIietgg0LlDiBo4jsUGSfew+4wFyrDaDaJ
Chsl7iH8pEcFh+Xmf+S0ok505pXUvXjB2BgvicUxDpVgPh/kG3a8DeBBA//Em+9j
GKsHDu/9Jv+etaYnTYgGH+Y9A33bFHU0ZbwrxKYWRELDW7gmG9NYdXiqZhEmBEum
/oMOdSUitEO2l1ClXpTX/C6y2Pryh7ZEWE1FY8mzXHkMd4T4aTXP02SgmSMWDG8b
bI1+LYbmyvzoTMw3b7cPqC3S8E1b8P1OtjrV8LRiRBqdzgKCZ/lNw84rkQb/859W
AOHY9vXDO0j1VsdZPR/hS6zvBnGUXbxXdae5wKmwEcNsqHuP6OBPTXMEYwBx7Qfk
+rXdbWCURIrAZ0HxO3q96jrGgaMBflr3xuVmVvz6IQ81SBTdp+UauXq7hxAX/l9S
GGVxkyicTEynzO5P36Bir4xMuH1rOkHgkOAo0VfTlnKgXZrx4hOlANVV/Ty0l6VG
HIsohf0GjyYZ2ULuhhYJnP+vnC8uVaNoXtgiAaN/8SnYC9gWB4loODz1jOGfJTqo
w3TBnSZtXD3lmR3dGimId9zv2PsBZ76Ta2it7G4iw9uYFCI6f1+1BxKb5TP7bLI4
/EPH0ILomxdm1fqX4BBh+8MbWhZ9cFf3eN9s2W6+Vv4EWdj83U5Ozf941pa7/c0c
+rXdbWCURIrAZ0HxO3q96jrGgaMBflr3xuVmVvz6IQ81SBTdp+UauXq7hxAX/l9S
GGVxkyicTEynzO5P36Bir4xMuH1rOkHgkOAo0VfTlnKgXZrx4hOlANVV/Ty0l6VG
HIsohf0GjyYZ2ULuhhYJnC5fI9QeQcAUDNMLbz7NcVHYC9gWB4loODz1jOGfJTqo
w3TBnSZtXD3lmR3dGimId9zv2PsBZ76Ta2it7G4iw9uYFCI6f1+1BxKb5TP7bLI4
/EPH0ILomxdm1fqX4BBh+/afEjw0CBdpBJWoSgwPlhLl6Za3LmI9pmuMmIozxeFe
xAnWP5dxZXvmmefkf7L7nPBZqJ8bJ1LHLgLsLNr5lYWxntOHkK6Qa+bOq1aGUkIU
PI0VLght6f2ET52Er+3QwLaZwJsMkmwUblkXMncrormz7j0jKXI5a3VRZjmhXeLJ
/oehUPhDaJegSPBbOHWoD8y2MBSh6YjWOoDe66g8ULWj25nqFeb5kAmMVcEf/jqQ
lsnYY5GBJzb7aBeqewvFN9LzLHMI2EuGD2+x+CWyDk8CLc5b734LgkJmqlhMGT2r
Lf/9wCEDu7+o9i06ftf+pR+asR9f6aYTPKX8/jhLkeGp87P9ugwqsWmkShHZQmHn
l/URjOspSrRZLzQBk/zsjmE+zzqe557KGzbRKrQ73Q1/VxxdJa3mt4nTMVA6SV47
mp9YDlVbwif/vpLcjBV++NmBQqxnViB11YO5HWgW/sbM1+G/SdhEG2Hj8wqn2ed+
dJx4J9ld2pGCg9MpO8iY6wnEsfZ36IRge2OHQiz5pyNT4zq3+P624rwALzzdO7v2
AKvNQJTDmq8mGnO8a5AspNpW3GtgdR65gE4FfWAmy8DB0Z44InumsVxlNhh8Z7ax
cDxDGGgreMev1L1cLFvJ+vUq8pnx6CsomTJaZk17RJys7wZxlF28V3WnucCpsBHD
KU9VeNyfodbof4qyL1CKYDeqHNaGjuP0VurHbhx47BRpATLzA570Pr1lwSHc1O1n
TWvXH3Rlj1+HwgDNMrZUE3tcrjOKZJtPuQBphKU5CsMgr8CXemY6SSejtpBXrQkZ
+BGTqOAEvchm/Rs9L9Nnyu27AYvTYUlbeSJ4/CxP31UDsXc9pVg1JULeP1ICymvc
ePamOurxEgm19wWEWivVidTBYcngpPqO5rSs+C+Bng/AFD7IkxOH4dNOEBarjmGK
ZqsVMIupkXF6GQ5KA9wqK52tozufMMOhhRoImWgq0qJ9SaF+ACfgfnzF2ASxxqYi
9HpFrA7bFTWBK1GWBaLkgcw1D2qZ5TAkdfC3tA1vmpYIjPG7Krr7jkCaYE7J5pN7
Ur0/5+TNH8Uk2FQAUZYSL5ygbPwrxb5NSi9ApYvY2z8uR0Zi1NawmP1jKGMcD4iH
RW6BX27+831Ai13kFaTlllPphnTuyUIODHvtscq/7YCvmydf5XmWYDf8s5lsky3v
VvBxQBvZI7kHLVsi5OAVIKc2B13yIVDCANsokKWL6B5zDz+ChO5nTYPWJ5LZJOk0
DXmSjywSNLs+p4EWLmEq5V7gYYVI3C+ZNy0iZlMz/oxKeNHEdjxzkHVEx0FE65l/
po+NMJKEx34uN8qKG/i1F9FC5NLkxWxYQek5Bm6SlPoZwcIFWwNJ7a14lt20EZQA
7rkCtEfYIzoqQJ1XQAXSs68rko2DN6RgEV8KQRgptIENByesEIHFxI1LbvCbA+wK
TZvnonDhINqJGb8hCx7QOtwnN8OlUW/jUipEAGE2K27xg71SuAq1bHoo9wWw94W6
jSCheb/Ul5QnjIZ3zkXG4b+Y3MpK4QOyo7b3pvvGq+hjGU1ock9dnHP3jdnLvUjU
3O/Y+wFnvpNraK3sbiLD25gUIjp/X7UHEpvlM/tssjj8Q8fQguibF2bV+pfgEGH7
wxtaFn1wV/d432zZbr5W/ggMiIOMv0Nf+c6j3w72bXOSnkrahfCCB5Sx6OCLWkRf
Gn4lsPOmihXABcUhZEecDvBomS+X9A531ITCVZx/pqIrRuv9UCBTLvI37+v0RAiI
W4Bl7v7TeWPUM+3z8aC/TtDx55gA35qYSOyROLGffkDX40lizobss2Vt9jyFqrrz
GR6QUqkHD6hTbWdpTo6fSa9edHnjpjr1HW9tvS1RefRDd/mL4upAIcd2zl0FNSRx
GTQEodJ7jJJscAqV4zrqOqOpyCOKxFLdKTEltgwxRyhsj0zwTrWoEgAeYXQwYjAE
Va7O04g+N78a8Qt6j/7pHF6mz+N89XtIj8rG6uQJPgDB0Z44InumsVxlNhh8Z7ax
QhuSTck5c6s1L9S6ydpV+Gn5U/cjOOlcp+2P+w4g5HwfePqQD2xobUky3PK8EJWM
om55Mc7LwkVBK+34XoMuPwtHdMxyBp7cBHOqV8Da6/rlVrKzQQQvjNV06upRYHMn
5O156nbS+afeX/ZqIJJjObnnIu/7wy9ZNvpSqz1KOBniVUIIdO+H8t5TLYEKnKOy
Ymvas9ohBVNWaTu95lvaNH8gtL3neuh6olIRtM4hLO8ZDZxKk4IWcBXeTk9U6vHb
Sh0W7uVAgge/TecgZZRtZFPnnPtYKkijW0IAs0GuiM3e2gWmyd7bYJy6S4ATXHVD
M2hUs7TFnpA6yIlNzaeRmF8JFiYECAykDI/6zAGtIqI17GaGNNSFpKJ+Ah2/3B8H
A6ytfxXF/sovDBZM3hryd8Wgj6+zaTRuON38eP9VPhbKBp3mQEC7ZEcibKvkawn+
+jX6N8mYMRNfkZMOtCTRUF5mmRKBoxkonqD7hH+9rHDEfNsvrn2XfFAZXAviCa0E
zkfJaU/z53EKIY6mTlSgYIPvCcPSeT1CdwqwHEdl16jY57RCFSRiqIBTpBrLQkz0
Q0Fh7IZq41djK5iCAMCnT/tYvKa4Qt6bJzZP1IwF1+jlOn/ksUCsfhZa4UwfERuv
A6ytfxXF/sovDBZM3hryd3gXpOJObk2D1Ql0RNY92Rl7BFQporBaKUuviSdXsSdx
bC4zGzQUnIX27/fZuQP5XFwbvKoABUV5D54RvEYipEdgl8owBNPT5b4g/XqbBkUa
1pc5x0X3K/GYo0QxL2Vyo+DH+gGjCT/2z5eUPfFzGF+uCY/y/v3AeYcLo7oVA/nY
WboLpysB3lQtewBnsXOCo9eupWWsY/WdGkQphFwvByFBwuv+PWbX0dnyiZYEhHQ5
garH0K4xxjPRIFWpG5Hq3edOuRBFZfFJCk7mEAqsTftmt6PnmBWcjy3f2poy7ZAu
weaDxOyNfgJt2NrAKQZ1TTJLym9FDCMRWsSUv0dnzX2h+GJTbtq/NfOuMWcL/sf4
n//0UgFWEmDjvGJ+mj/oYZ6Dke0nkkVQcknmXe5ii5nKtxdzubWuLY7lxpez23Bi
UgszLlbnwmUZgR3adVOhTiV+Q7OGV8MYG+hE8tca//JoU1xqGjz99fRQ2QbDWLRA
twrPAY/reOhZOaR2viPt0n2rUN1uTiMZGMU3109f71Q5S1QHQo1Eho9TAn8HBctz
c2/E3VlfIh6hZbbUKKEVlrAiU9UIpvpRKkwonY48LnQp+cC2GKjKR88ED4ZGkaJA
2JlsEa0SzajpA9msylibbibGZ/Zi15l48vhHfElhl4guVtrsxO7maj9AVfTDxFIQ
1csIEu1Ykpe6C8Fs9gPS1eXIXQdaUWS/X4MwxfG9SnpPSEWyA5zxtz1ZHxNs8kpB
uD1fQEHQMSSxd6Z26a5v75Rw/gKfeQWPVm3oLZMAgFGoK7gPrO+OwBB7gh1YNry+
J8To/FC6YmSUKd8vIiIjfYDrFNJS+deW8HuVqYy+Z+Hp7IRl4ritvamwFcmeim8i
LlqIaR8Bkzcs3WNk5dIz14QHnd+sw7gGnSwnMZaOYOQloToImpSsDB6K+tef13Be
MJZUz4deYeGkhEpX8/PXfUPSqjBSOsz/E/xlKw02F5Ib9dowlx3CqVt4I2cc2csV
p3bDWBNCP8Rsxnq8tCWeMACGxsvCF5YpvkU0P2A5qwdWi4Tv/Uo6YgjIg9q+0QfD
9uwK6+ivoHPJhl3gQiQnyBRivwHw5tMFSdQFRG/JTxYC9jFjyZp314tvbRW4Qj4b
k08pj73saOWmvphXEQf3yVxH+hhF7LkBnt13NLTq1IhSfFmUqJXlw6oUhuVkPX7n
1yw1xMeFTGpQXtJu9SewTVW5M20afAiAN93t7gXXz03KwinpWbzDpLiKNwaO2149
4V8ub9OXT4nQLAY1kfeModU27RU8xVuZOfhpBIZPtuZX3shhUIbC+MAVdM3l6a6/
dQt0F4b/O2eE5xBOIfQxCjVW5cTsBUq4NH3jra5EHKuDnHhYD4IAHapVhaLa6ZdC
x8pnJht5e2aYreZGMWZHmKW0c3p4cS4eSgYJYqetgHuApxUHSonVEHf85K2ZTWMq
NLTNmpost620ELDeDzfInLRBJqE8Mor+sk/rhnKifQnVxBjpjGI8y79wU02wSkFR
X9X9SW5eN1v6Evf5hn8VKn0qlQxODVgbd6yXBa7Tfl6DLBmEvXy+HkFqZxIAE+Sk
70licNEY8/VzIfqFHMftNDp5P9ExvkB4Icbw921FGilAX8h7W5lLIh56Eh68TKct
NC25gkE392DaWasRYXjz5fjJbLywpHUhbpZCV/sCOmjTNSc2jj3J4Eok2IFZNS2L
4MmhTKe7XYiKbPaYS1+4bWFAdG+WFF8EEEEcVIyJf8cv8T729grlA+lIFLPrKzRJ
iEtFyXMFPnhf/StHLvYcO4bbSe9CCc9HFYq+4x/Cbh2B2fxULJcpcWQmVOx5GCgV
QBrznw5WmMHaRt10husmHSI61xyoWDxds7YekD9Pxt52sNy0aanRU9ZGnxcxm/qv
X32Skx70AXAF1lNwkQdVw0HtUaFGCt6l4XSfJispyormV0Ox0u1rTA8H2JG1iA1M
rmbF2A3qlqcraa1lVqmFse9Y+Gle+BeJoWni+ZaLuNIfoEpua3UzzTUGZAbVOSh6
nEjv56M74I2dtrfSAsny0lmJJb2EhGsIZ9dZ7qMPb+BC7KA2+mI94gpLfsaCMEF3
eMyQ77FXeFlp75GmEI2Y4nEcJSKEPYo+BzIeML7BrDFPSEWyA5zxtz1ZHxNs8kpB
9A6N2V6C/GCCC9O/5TYja2uVV0cfvJnPLXDePkEKJjxjBoPESU3tI877/isaSD8h
5EkAnbVgLMgkS/CH2jroHpjS7aRDSJq8cUNJ0R+xBKuPstwoX2KOArpR8RrQA6gd
kq1oeGxP0S6QeVg4cXmnAif8HQBVtvHZHrDUzrn4AI+Ml5ZzoUbxIxZkVGqjgrh/
q6Kzd/MrJ/NrEhoyzKaPLbpzSpx6UlW2Wo9X8RY2TpBCZiP7A1gXAnLDweIr9zm6
WC3psaOouSbRK/ZV7JMStwNyl1YZtsZITr6K+is17R2TabG2zq+qJ9gOWuiTVnSX
VGfS7GsS0TtDqDQMkLPfhGtVbpXcn+6HOIKd/i0TE8fIGdbWVNWt1Ewd7DajXk/G
EGnz9mqev1cSs3v8TTVFeberTTcyC48Pl6lh7eBhLV0dxEPtzSZSlaR2nBU+ylzf
SRgeVdfz1d5lcYd42KqqQgSB0JisxI/IOJprJmydNIXjyFbx7kY2VUL4sYK8SxJF
kGR/SMg0KSD9U0KuQeu6XejFXNXEWrZfkwkV36LP045obQebhQGsjb/RyIR/OYh3
ahap5IHlUXmAINHCSgr/2FYD2XYk1vDs2QGxlqohQyFwuw9/hrt8GGEpPwjklqsF
kh7O1XwnZevACo5ZXJWJ7wPvBSFSdBBSUU8TNhPZcewFjYcand8BOKUdbwX6K62C
ObwjO262VKMLt5JbFKW4+6x1CYaSDhWufbFzNRj0IiV34+CfKEHJFBfeee6Ux9+u
slk4LbdYzX5lnsOLSDVWc1mwIW8W7BkqBOlJOWLE+Z2yIZrxCziDw5cS++1ZuBRT
dyZzvfnoQctrKb9PYxb/G9usWzOZNgAkJ7SEWMRHXytGVrTt/sQ+kslaVazh6sUc
oCZugAHwPLZgij2t/QjjzMbNiqpWP/+5Ra4CRsJ/V9aW3ZqhSmQpn9+Wo3Ow3qg+
VvRt6QfrukkN5AUzTZDBK3aFDQruD3lfRs8DyppL9uPX7GzGXKH6bZjb+AKJC2Gw
b+D4BQYEETssAxIQurkU8OKj8aoqRueNJ/vgC60Mkb2CFazP5V6atdJI+4qej6oY
zzOs5N0qm932VOUUiG45MLVJVZePO3Xjnoj5FLtp/LdcjYm0KspykQ8PLC1RHyWc
ovs3LlszZ1xdkOpt9si2h3DYPmGMBkbJ4aY5154bGKTXH6ynRJptQ9fNiHR+oQmF
9jRU8uHJox6QrjpDjZWxotiZbBGtEs2o6QPZrMpYm24Sjh62QUM12GGy3HcOYdha
+jgyhzrr6C90fMRbHrGbO6Wm6vjJAAxLchXCPKo1+bxvi1lXoyWH5dfg0t2futzq
RD1GtUNuWxO5FCPIE8jqQhQpzKzSu9TFfQSs4NpBBnRbGMHUCTmBs2kPNlP5XAIk
hQh50pcPbGlINLpBXw3n5O2kt1f6EwxqRAHTQTwvXknHoSClpK1C37ax3K+mupxp
ZLsaptXLHfG6BOIbke/ox1hgsS3tOIdFXdZYwJb9FU3CMaCWn0MsUUQfV+2Te0Lr
jGvZGkaJaMOurrgPD7NeWEVSYXPe4vGg9B7hlkK3/gIGpAJwyu9uIh7p9zdo7yJz
eTko6SEl+r6BBehKwwv3C767wt4n/zKV4FUR3ZTScfwI2VN7+J/guQY2Qlss7VwL
VZNkwV1VjHQU4pA665s8Lhh+8bRljk3dUskc/qpKko4uWohpHwGTNyzdY2Tl0jPX
8oWQeElKKP96UxuaFHYkaJt1WWaERFjkD/DA27xkDIY7zDAr2HooDUJwQxgsVicl
No6E6pIfHpqzZJr18nq+uiWhOgialKwMHor615/XcF6Z5ulnJmUeDu8DyaEfYzRB
PX67KQuhDBr4JthJqKMplXq9k/dR8erRdYEYlVYoIYG5HpgdmNMFsdvPa0dJ9IaY
AAPf8pClm5Wr6EW75JGZjxmErqibv9yi533ZHkXLQg8oGNhO4ul1y6DHvOAbhMJv
IpN58F+iWVe3b6/+YkVcraTuKrouiGNe+qVB7eg51j5HSDuOWIyFVO5xFN76lODO
TTRR/JjApoAnCvq5gOhhv22f+kPdmNGQHR40hudo68epkb0MzvFElCVRFM6XO0U4
MxuoFbuIMScKos4IB6opYTCzI7zK47c/ZQ6D939J5fOIzs9DtZuGJ0eKOMYUHHab
Swu+Bv3UD4zML87jCo98t1kPDTDvygMzlPFz1Ylnj7BcJ0Cb2wNlbc9wzaa5nA+f
89InNNdRvHFdoVWQiJwixESB4SXCSDNGf0sivGt5Q7f/0y64fuDUIWjUl9bibcza
MMtfeRwHewFa0jGxD+Agfz/bNtHtTqWOgO/sMgAMO3sHYx7SKwHLx7F88nSpjK1z
GWlefPS34cFLFFz1wt52lyMTh54xSieCqyMiwQvSdvfRs6IFKSCrdAw3SGhph3cI
eAzxnELitjdosBK0qQ4DyeFrokF++UvKX7RU9swKLHaYi2HnFVA/fTsGmblRN2oA
41xtL0Vgnh4J+sV80aDzoWuCHmuoNnvueNLlYSnIbn3dQTKYU8+lz+ICEwgmVVt8
TkMVbqS++ay1doJ6MRGNW7dxrmXRzP2IV25YXoDtt3u9wCUioFFf/LSHlCNwUvyU
5Cc8v2Ef000/2fSCBpGSZpjfSxneJFuvN5jTRj6pGXmq4NrIuMuyYRGcuH2YgUFa
CZNtc5gQIlPrO+8CGs8O0Wa3o+eYFZyPLd/amjLtkC7ELYdbu7Sk88x/d8OX3g9Q
0ytYCsuxITWtJ0XBTox9bpaXL+2obce0MdzxnrcQv3QWM1IoTac9kGrPfAzjVwT3
pwBJYznn5w5xIDn0VLYg7S8XCfoRQAvzy9YkFzNIENEOYilwy6UHFwD7anNIH8St
+jgyhzrr6C90fMRbHrGbO6Wm6vjJAAxLchXCPKo1+bxvi1lXoyWH5dfg0t2futzq
RD1GtUNuWxO5FCPIE8jqQhQpzKzSu9TFfQSs4NpBBnRbGMHUCTmBs2kPNlP5XAIk
hQh50pcPbGlINLpBXw3n5AqYEZwDpLCgS2trrNSTz8fiCEvHLHy+RGUje4j4JAeW
AglyFv3Zz+PyEBx8XZzVSZyXsvBxz+SEOteU1Ou8PivHoSClpK1C37ax3K+mupxp
KpvFInhUf60Q2e1kFbnf/eXzJnKxUZvsVoBVojTNZGq42f946gETsXzbEGe9Yy/U
yqPZPkjnhnM0lKasijr3JnizfFmkAPc03ktb8Nqi9iXOCLQw/63f9vCGUupokAJE
rdHojTN8p1zEm32gJHON/+MankGRY8AxKja4Et6OQNdamL0atP0vn12KRGLrhVqz
ZK2dQUm++2ILzdWyyF0afLI3RQYK9iMdw8t1oGv7ZQQuCnxyD5a/V0dktitJS8Mx
G/XaMJcdwqlbeCNnHNnLFe9Cc8zznXz5qp4Zu2TCW07oigE6fyx6aKOBmCWS9MAh
fcMAaCbeX0zHJOdvE4i2Io1H5+iaqFKQuSPAcFsFL+FnE+fiTx6cOWZKvPdTNWXH
tSiS1GTgUUQp8TTHH/ZrkWy8LTNdoaXjFeWVxNVksj8POpQiE9o9joT6PHcHlbkh
9HdX0mUvdfmE3Ti5Kkyalw3PwxgWfOWDc0qG3LU8wQRgmsLaEa0JRZgW9R6m6npU
kq1oeGxP0S6QeVg4cXmnAu4DS8J2/r7uo59tCWmfOAMq01ICBsXpW4NKlGaYa0CU
IywjlTaHhnLLhut8ABcdLQtz6pIsB+QHFj2YzgsqvE96XCpfxClDIw17t4kHiTGk
ACcGfPF5joDNJvy+Nz+awENbC6BL4FC1e7++0Ma4wXrL3siHEqgl7cS8GV1ZLIh2
QuH9ceNxe+myRbjB04EV8Hk/llDqDo6RPDZVrbceD2mjekZSS3r7TrOj634MQk+j
E8RPtmjzCDRcBD0sQj1Z/2Ev9ZSv3Xd5eVB7sXRGM747FUvgIuVL2dXnU7wupIlh
0rDlYDMKGEsxcwB5Y6mYldk3zXvf0Jv8850t9d6+77EdfPem7FRsRDkCpTjeXdni
EMyogJph0CFwD32PhJ+UK98I/xphmlVV52GPCSNGR2GGl3EcTtPVDVKe4SWEhxiU
62ETg2aezgyLQmDMiRBsmuncbPojxGKYSgl5l/ZhBGyKcBRIyl/4jNTcWizmnJx1
nxYCBwPgQfC3P3JaYa2dZTUoMyp9z1mVkK+ZlCRilUQ6pbqf2pm7wsYSltPIE4BC
35yDV+W/nruf+uUGg4w2S8aTLYxgCzcsf06w3znr0AdKUvDyE55WzWuWjW+OaC8G
3xtsSL3VoaUp5tvtj+XJTmN6ceAix/JWq2Hlu3ypMOGbX1+xifNGfl6gUk4GQ1B5
x/v5U4n+qZwyKROQS0ClHWZCKiRqBnjGdEzvwFIdAVEJk21zmBAiU+s77wIazw7R
avuZpT7xDLRU6JnEkncMuq0ZHVsQK5oQuNhcSJ4GI98O61ZfK6+1Zs8ab47uhEVy
a+urEOe6yJGBg1di26S36+Ci0bTFWkKOiBIfwB49ErcAhsbLwheWKb5FND9gOasH
8H6VwD5J5bND0gvq3qbuuKp39Giype0YqjVp7NLd/jDXvSdr3n2WWaYQYfS4fngN
1G6MpLTLgWJKtNWDnbU0gu4HWx3jFvp5nUxFX7YQfqs/JKY9hKgR5Zhhtw/bd8Md
Z9EntlDLTX/lOnAZAUiczH755pEiI/XiQumC5sVKAOqduP7/TJihJzBehWHCM4Ew
4Yn/ANBQajbniSEtQIkD4LchCMNcj1o2M6GYikpQx5PxC1b7jPMev8EMjfC+hCDt
hP/BqUNKmrItP3Uo2j30Bat7lqRoGLZHF9oSpi+ApE+PrAVAl4as7CFqnd0JxI25
g/7giaJLKmd3sRKUujZo3pBk9yEuyRv4z8H5acf2jQTSEUoqytdvSEkHwSh4b8m0
/E/WB2stUZWxpdTp8mBMd8Pasdn+tNLIcltc+CkLpW9W2uDwP75fT800HIYdeG49
xBbYPJvSfZz3nNQpv9vvhnUE8aT9b/9BswBYNKn5hdUP0DJdljTtPZGRJzyhd43s
Ia9EGThjYxwGHhUhAg4bAT5cpOC/tjsWEhKEg9o39hHYKoTktgtS6XwZp9ACSrXA
iHzD+ybAFnSuEM9d9jWB2oZXvXlRgRfuQRPIv4XOb9qHBcyQq0y5PPqTDKOjY833
mm+q3CSsyVejnxxPs4PWXdCj/GI6kEzsIWlcVdJF0/wVUEK3ALOtVdUNKLzc3249
32lZcPwPD84D4d0phUSSDwDvRPIMZldPhdm6f9KR9G8c/kTJYSoZAUxiNS8o+kW5
hRU072L06dJ5N6UN2fi7IChMYt/1QdpPB++2VCtemdQedPK1gpT6RpqbM5FHlXQ1
Dznhe81xNmyQCmdaFH0lc92CcALidI34Upnnyq2YLXlQ0XrdoVlsNIoeva+CQnD8
zks3pvoj9y9RcvwaULIm2yXjVTEV7DiqphKSpLkpGME+NTbOUxv3sF0nCfDkFJ0y
YJfKMATT0+W+IP16mwZFGtaXOcdF9yvxmKNEMS9lcqPgx/oBowk/9s+XlD3xcxhf
rgmP8v79wHmHC6O6FQP52Fm6C6crAd5ULXsAZ7FzgqPoBY4Mc5Y6esC0P92hqO8C
z/ayMGjQ2fpvTFApnOxOeynPwCOGnFqilygk/8Zo6VzSnOK5SEqGENVqXiWphWwP
dIHCiCGq1Fih3pWIgT5aC4QqlJSXli5efz8aFkp1Ki7iWCQExJxrYYJBjRKD3uDZ
ljErhw09u+QrEY/rr5TQmZexdfrFaU4znaz8L2yodJyDWBi8tm6yw+2pFRFWdGLj
raFhHtHhW7UZ5zw+Le1S5H3A9Q0l7lEgGy3i3S7d5rL6iyM34sxXc433/8eNQTfS
p1E2VcmXEiE9zXbK3K+n0pZ9Ifzfzr2rOW9Q8MDz5LWyR4FxnUqHni4/HrdlGcjk
MpI7+7+aK9Bq/Nog0MqDByNo575X+XE3rspmm8e7ZPxxEMXoaXGpMUyd2dB/Hfaw
0fpOnwlsZiS1CnqWtvXbL0qh9xDeLTWEmZjUR8QB1HCzn+8ZmhwYZngIyvFKJGin
aKapXOeqR1cB8o4DlugvM9WhM61FadTH5EqzYEEjH/bccq5hYtmgmtuV4RyszHJi
nxsH6ypDWS8dEybxQsqjFaRGWfRZ8QlIiuVY7GWbtFU0R9uGLwPHHJgrW/rPp/2u
YJfKMATT0+W+IP16mwZFGk4svwaUQ1X59v45ss1Snb7VY95W1Nm2VmqSvss5tkrJ
/8LRyyps0kAUQgyryIr4vc8nAwNxqcNgBdr5P2+68QOdyqs6WfH6Cic0jL0387AU
O0pSKtP9hz0sVqgk3EmdE9kpxafK8kcItrQQ9MjkFAKcTtTLQlNkUr63XpKPFn24
Vb4ZWasSEChi26xYC8Yn2I7vZA7GDEbumeVQc5l7zSTi1PoUqMKEu540Dgm/BhJy
7E9vAK+QCff7Bb2aVaUzzdKc4rlISoYQ1WpeJamFbA8OlkvNfWiTmbqc9Vcq1BLm
1Vm79kAPegruuu4eBp/A+5iVgvapWdbdbDvPcuF3PM8GPcZJG/KUn9be0W8VxdHm
yOWumldlzsN8hwS4OSXtYgqI01j0wrLlfr+pGgzwzRGIE7jSFWTob5Mgdm94ZJYv
dA6jzqGkCQN/IT3wd5gLeW7PFE1iJshwnZKixKZcKEMX4KjjB95Yti4Yxy6FBJan
NalwyExnLej9lYn8haemAMCg8zDB6779C3TX7eHmSQ0sCC6eg96ttMAIngoYzVqe
Lf+tuOsFbP/p6LPbsFVALW/qEzIxsl9vbhE0uoOBUYsb+cBeCvTgG/mVKA2T463J
hQ3biwS6l6dj7eCnACS+eLUZEqtgPosU6PvEmTzwohcka9hxH+bE/rWeU2VBTEx3
rgmP8v79wHmHC6O6FQP52CJvZYsEDAdume8CDDPcKqv6/TxueZKkxUmRbvReKiOa
lHo+K0CghIJQx8lkbEawJU4rgzOrPMTL0PGGxib0MPND6ndLFerWptoKpUDb7bXq
s4kTFjRtDPeFpgdx06NX1gi/gedmRdTh04sOgsuiM2ZBm54c++r6AYGY6J6bYBJk
Q++snJe+R/FNWJvU1QBSedckqI7cuhU6Gzcht/iPJy7TlBnv0X4qR5fQJ18cqGVm
k6GAfD92SJhYkMyJATis0VH76JVPKhIFfPj4QBwC3tl6ypb9r38rry3KlCukspld
dyZzvfnoQctrKb9PYxb/Gx2zRX8HubdFtaqIivKnwp/avH5VlAq87dYjC+DrK5Uv
CAs9tnDuO6WVeF/tqUToVRVA3eZOuldlRRP12pc9aAE77WYn4YdE9veRSTrYw70g
FPlBzV2KTjhaD14LTgpVJBLVkCvHZ9o9XSnb5bBsN1HSSFArglVmp8tjUtLVpSeZ
3GqKhg0jxXGQF2FsIzPRdDL9bSktGgvRCF8bkRYiLGFvE2AjYa0FjNL+M3opcnT2
hnDNxVzOygXrC9kVIqh3AsNwn340XysZEMMIhwLtWCsl7bkceb76p9UDwOfQEPvx
kEo2wgY89/AqGFdaghwzG9ckqI7cuhU6Gzcht/iPJy7TlBnv0X4qR5fQJ18cqGVm
k6GAfD92SJhYkMyJATis0VH76JVPKhIFfPj4QBwC3tmyIZrxCziDw5cS++1ZuBRT
dyZzvfnoQctrKb9PYxb/Gx2zRX8HubdFtaqIivKnwp84lbjAWU2BCei1W6l4V7Gn
CAs9tnDuO6WVeF/tqUToVRVA3eZOuldlRRP12pc9aAE77WYn4YdE9veRSTrYw70g
FPlBzV2KTjhaD14LTgpVJBLVkCvHZ9o9XSnb5bBsN1HSSFArglVmp8tjUtLVpSeZ
3GqKhg0jxXGQF2FsIzPRdABAI0y4+i5QsBx1YU59xKO9fTgAZij05L/X2Bu3bO/z
hnDNxVzOygXrC9kVIqh3AsNwn340XysZEMMIhwLtWCvQpTqvJSzR3bw95H2NWNE2
jaQ13PB2U9H0Asa6u7UaxDp5P9ExvkB4Icbw921FGimjGqwbR3eCvHtQze577EOf
V3fHrpWrBGsKjKWPhT9RFRYG7zsbXZMDtvagabz5vr1Rzyjb2o5KBrtc3OvfBRWt
gnQ+mxPepo1Nj+dtg/9XZz0LeeAVMzxhZtHKhPSXOFe3zSzvcJM07b1SPZrSgE6w
gnQ+mxPepo1Nj+dtg/9XZ8uXL17Wrfe3PFDB95o9hN/X5jL8O6V/hphwjp2e6OSU
Uq2XQQN7DNXQtFB9zBt+gMdrEmz+uGnNRjvwm9AbcvOwlnsEBPM0A5heo86O8rKM
CgqYLYR9WmxzFHanq09Onoat1VtLfRshe5HQ3d0ZHgbEnz9Jr4IMwMFpRq0Zm/pB
yC50WVlu/a6j9SWP0T6zn5MMj/44TuRERGr0M7urUz7fcImFJGbggyw5j0HKcsvM
eMaNgRzh1Vc60yeeJp3IhtckqI7cuhU6Gzcht/iPJy7TlBnv0X4qR5fQJ18cqGVm
k6GAfD92SJhYkMyJATis0VH76JVPKhIFfPj4QBwC3tksqMRV+SvFDorDtbAxqTFG
dyZzvfnoQctrKb9PYxb/Gx2zRX8HubdFtaqIivKnwp8EGHiKM1K8JL25VHKu9vn9
CAs9tnDuO6WVeF/tqUToVRVA3eZOuldlRRP12pc9aAE77WYn4YdE9veRSTrYw70g
FPlBzV2KTjhaD14LTgpVJBLVkCvHZ9o9XSnb5bBsN1HSSFArglVmp8tjUtLVpSeZ
3GqKhg0jxXGQF2FsIzPRdLcbtM+9W/b4QYVEwIg+oeajpRmSI+yHpEuViQeIByL0
Ez2W54Pfz8nh0nw4FSshmLhzcgwHpgaNGzbrNScCNZd75Uai42EHPv+56oO+uVZQ
12jc4CxL8lcFYYzpo8RRs7RroGxjv/WRqHkzTo+UKOueqtyj5opZLgiHEEObq3rv
